// !$*UTF8*$!
{
	archiveVersion = 1;
	classes = {
	};
	objectVersion = 50;
	objects = {

/* Begin PBXBuildFile section */
		30B7469F838347E7FB99006C /* Pods_UserList.framework in Frameworks */ = {isa = PBXBuildFile; fileRef = 281DE734927B71A83264FA5E /* Pods_UserList.framework */; };
		DEAC78B9210C32B300D4445E /* AppDelegate.swift in Sources */ = {isa = PBXBuildFile; fileRef = DEAC78B8210C32B300D4445E /* AppDelegate.swift */; };
		DEAC78BE210C32B300D4445E /* Main.storyboard in Resources */ = {isa = PBXBuildFile; fileRef = DEAC78BC210C32B300D4445E /* Main.storyboard */; };
		DEAC78C0210C32B400D4445E /* Assets.xcassets in Resources */ = {isa = PBXBuildFile; fileRef = DEAC78BF210C32B400D4445E /* Assets.xcassets */; };
		DEAC78C3210C32B400D4445E /* LaunchScreen.storyboard in Resources */ = {isa = PBXBuildFile; fileRef = DEAC78C1210C32B400D4445E /* LaunchScreen.storyboard */; };
		DEAC78D3210C390C00D4445E /* UsersVC.swift in Sources */ = {isa = PBXBuildFile; fileRef = DEAC78D2210C390C00D4445E /* UsersVC.swift */; };
		DEAC78D5210C392800D4445E /* SavedVC.swift in Sources */ = {isa = PBXBuildFile; fileRef = DEAC78D4210C392800D4445E /* SavedVC.swift */; };
		DEAC78D7210C393E00D4445E /* EditUserProfileVC.swift in Sources */ = {isa = PBXBuildFile; fileRef = DEAC78D6210C393E00D4445E /* EditUserProfileVC.swift */; };
		DEAC78DB210C3A4F00D4445E /* UserCell.swift in Sources */ = {isa = PBXBuildFile; fileRef = DEAC78D9210C3A4F00D4445E /* UserCell.swift */; };
		DEAC78DC210C3A4F00D4445E /* UserCell.xib in Resources */ = {isa = PBXBuildFile; fileRef = DEAC78DA210C3A4F00D4445E /* UserCell.xib */; };
		DEAC78DE210C3E8A00D4445E /* BaseViewController.swift in Sources */ = {isa = PBXBuildFile; fileRef = DEAC78DD210C3E8A00D4445E /* BaseViewController.swift */; };
		DEAC78E0210C50CD00D4445E /* UserListRouter.swift in Sources */ = {isa = PBXBuildFile; fileRef = DEAC78DF210C50CD00D4445E /* UserListRouter.swift */; };
		DEAC78E3210C553900D4445E /* UserList.swift in Sources */ = {isa = PBXBuildFile; fileRef = DEAC78E2210C553900D4445E /* UserList.swift */; };
		DEAC78E6210C5D1100D4445E /* String+Extension.swift in Sources */ = {isa = PBXBuildFile; fileRef = DEAC78E5210C5D1100D4445E /* String+Extension.swift */; };
		DEAC78EA210C70FC00D4445E /* UIImage+Extension.swift in Sources */ = {isa = PBXBuildFile; fileRef = DEAC78E9210C70FC00D4445E /* UIImage+Extension.swift */; };
		DEAC78ED210C933C00D4445E /* Utils.swift in Sources */ = {isa = PBXBuildFile; fileRef = DEAC78EC210C933C00D4445E /* Utils.swift */; };
		DEAC78F0210C942A00D4445E /* CoreDataStack.swift in Sources */ = {isa = PBXBuildFile; fileRef = DEAC78EF210C942A00D4445E /* CoreDataStack.swift */; };
		DEAC78F3210C94F400D4445E /* UsersList.xcdatamodeld in Sources */ = {isa = PBXBuildFile; fileRef = DEAC78F1210C94F400D4445E /* UsersList.xcdatamodeld */; };
		DEAC7902210C992800D4445E /* UserEntity+CoreDataClass.swift in Sources */ = {isa = PBXBuildFile; fileRef = DEAC7900210C992800D4445E /* UserEntity+CoreDataClass.swift */; };
		DEAC7903210C992800D4445E /* UserEntity+CoreDataProperties.swift in Sources */ = {isa = PBXBuildFile; fileRef = DEAC7901210C992800D4445E /* UserEntity+CoreDataProperties.swift */; };
		DEAC7905210C9E6300D4445E /* UsersFetchedResultsController.swift in Sources */ = {isa = PBXBuildFile; fileRef = DEAC7904210C9E6300D4445E /* UsersFetchedResultsController.swift */; };
		DEAC7907210CBECC00D4445E /* PhotoPickerManager.swift in Sources */ = {isa = PBXBuildFile; fileRef = DEAC7906210CBECC00D4445E /* PhotoPickerManager.swift */; };
/* End PBXBuildFile section */

/* Begin PBXFileReference section */
		281DE734927B71A83264FA5E /* Pods_UserList.framework */ = {isa = PBXFileReference; explicitFileType = wrapper.framework; includeInIndex = 0; path = Pods_UserList.framework; sourceTree = BUILT_PRODUCTS_DIR; };
		450B336F71C0E353A353CD2B /* Pods-UserList.debug.xcconfig */ = {isa = PBXFileReference; includeInIndex = 1; lastKnownFileType = text.xcconfig; name = "Pods-UserList.debug.xcconfig"; path = "Pods/Target Support Files/Pods-UserList/Pods-UserList.debug.xcconfig"; sourceTree = "<group>"; };
		A01F7124AFDC373F9A94AEFB /* Pods-UserList.release.xcconfig */ = {isa = PBXFileReference; includeInIndex = 1; lastKnownFileType = text.xcconfig; name = "Pods-UserList.release.xcconfig"; path = "Pods/Target Support Files/Pods-UserList/Pods-UserList.release.xcconfig"; sourceTree = "<group>"; };
		DEAC78B5210C32B300D4445E /* UserList.app */ = {isa = PBXFileReference; explicitFileType = wrapper.application; includeInIndex = 0; path = UserList.app; sourceTree = BUILT_PRODUCTS_DIR; };
		DEAC78B8210C32B300D4445E /* AppDelegate.swift */ = {isa = PBXFileReference; lastKnownFileType = sourcecode.swift; path = AppDelegate.swift; sourceTree = "<group>"; };
		DEAC78BD210C32B300D4445E /* Base */ = {isa = PBXFileReference; lastKnownFileType = file.storyboard; name = Base; path = Base.lproj/Main.storyboard; sourceTree = "<group>"; };
		DEAC78BF210C32B400D4445E /* Assets.xcassets */ = {isa = PBXFileReference; lastKnownFileType = folder.assetcatalog; path = Assets.xcassets; sourceTree = "<group>"; };
		DEAC78C2210C32B400D4445E /* Base */ = {isa = PBXFileReference; lastKnownFileType = file.storyboard; name = Base; path = Base.lproj/LaunchScreen.storyboard; sourceTree = "<group>"; };
		DEAC78C4210C32B400D4445E /* Info.plist */ = {isa = PBXFileReference; lastKnownFileType = text.plist.xml; path = Info.plist; sourceTree = "<group>"; };
		DEAC78D2210C390C00D4445E /* UsersVC.swift */ = {isa = PBXFileReference; lastKnownFileType = sourcecode.swift; path = UsersVC.swift; sourceTree = "<group>"; };
		DEAC78D4210C392800D4445E /* SavedVC.swift */ = {isa = PBXFileReference; lastKnownFileType = sourcecode.swift; path = SavedVC.swift; sourceTree = "<group>"; };
		DEAC78D6210C393E00D4445E /* EditUserProfileVC.swift */ = {isa = PBXFileReference; lastKnownFileType = sourcecode.swift; path = EditUserProfileVC.swift; sourceTree = "<group>"; };
		DEAC78D9210C3A4F00D4445E /* UserCell.swift */ = {isa = PBXFileReference; lastKnownFileType = sourcecode.swift; path = UserCell.swift; sourceTree = "<group>"; };
		DEAC78DA210C3A4F00D4445E /* UserCell.xib */ = {isa = PBXFileReference; lastKnownFileType = file.xib; path = UserCell.xib; sourceTree = "<group>"; };
		DEAC78DD210C3E8A00D4445E /* BaseViewController.swift */ = {isa = PBXFileReference; lastKnownFileType = sourcecode.swift; path = BaseViewController.swift; sourceTree = "<group>"; };
		DEAC78DF210C50CD00D4445E /* UserListRouter.swift */ = {isa = PBXFileReference; lastKnownFileType = sourcecode.swift; path = UserListRouter.swift; sourceTree = "<group>"; };
		DEAC78E2210C553900D4445E /* UserList.swift */ = {isa = PBXFileReference; lastKnownFileType = sourcecode.swift; path = UserList.swift; sourceTree = "<group>"; };
		DEAC78E5210C5D1100D4445E /* String+Extension.swift */ = {isa = PBXFileReference; lastKnownFileType = sourcecode.swift; path = "String+Extension.swift"; sourceTree = "<group>"; };
		DEAC78E9210C70FC00D4445E /* UIImage+Extension.swift */ = {isa = PBXFileReference; lastKnownFileType = sourcecode.swift; path = "UIImage+Extension.swift"; sourceTree = "<group>"; };
		DEAC78EC210C933C00D4445E /* Utils.swift */ = {isa = PBXFileReference; lastKnownFileType = sourcecode.swift; path = Utils.swift; sourceTree = "<group>"; };
		DEAC78EF210C942A00D4445E /* CoreDataStack.swift */ = {isa = PBXFileReference; lastKnownFileType = sourcecode.swift; path = CoreDataStack.swift; sourceTree = "<group>"; };
		DEAC78F2210C94F400D4445E /* UsersList.xcdatamodel */ = {isa = PBXFileReference; lastKnownFileType = wrapper.xcdatamodel; path = UsersList.xcdatamodel; sourceTree = "<group>"; };
		DEAC7900210C992800D4445E /* UserEntity+CoreDataClass.swift */ = {isa = PBXFileReference; lastKnownFileType = sourcecode.swift; path = "UserEntity+CoreDataClass.swift"; sourceTree = "<group>"; };
		DEAC7901210C992800D4445E /* UserEntity+CoreDataProperties.swift */ = {isa = PBXFileReference; lastKnownFileType = sourcecode.swift; path = "UserEntity+CoreDataProperties.swift"; sourceTree = "<group>"; };
		DEAC7904210C9E6300D4445E /* UsersFetchedResultsController.swift */ = {isa = PBXFileReference; lastKnownFileType = sourcecode.swift; path = UsersFetchedResultsController.swift; sourceTree = "<group>"; };
		DEAC7906210CBECC00D4445E /* PhotoPickerManager.swift */ = {isa = PBXFileReference; lastKnownFileType = sourcecode.swift; path = PhotoPickerManager.swift; sourceTree = "<group>"; };
/* End PBXFileReference section */

/* Begin PBXFrameworksBuildPhase section */
		DEAC78B2210C32B200D4445E /* Frameworks */ = {
			isa = PBXFrameworksBuildPhase;
			buildActionMask = 2147483647;
			files = (
				30B7469F838347E7FB99006C /* Pods_UserList.framework in Frameworks */,
			);
			runOnlyForDeploymentPostprocessing = 0;
		};
/* End PBXFrameworksBuildPhase section */

/* Begin PBXGroup section */
		9C0E86524B9ADB5358F6D6C1 /* Pods */ = {
			isa = PBXGroup;
			children = (
				450B336F71C0E353A353CD2B /* Pods-UserList.debug.xcconfig */,
				A01F7124AFDC373F9A94AEFB /* Pods-UserList.release.xcconfig */,
			);
			name = Pods;
			sourceTree = "<group>";
		};
		B9A6699A410C926BA99B8BD9 /* Frameworks */ = {
			isa = PBXGroup;
			children = (
				281DE734927B71A83264FA5E /* Pods_UserList.framework */,
			);
			name = Frameworks;
			sourceTree = "<group>";
		};
		DEAC78AC210C32B200D4445E = {
			isa = PBXGroup;
			children = (
				DEAC78B7210C32B300D4445E /* UserList */,
				DEAC78B6210C32B300D4445E /* Products */,
				9C0E86524B9ADB5358F6D6C1 /* Pods */,
				B9A6699A410C926BA99B8BD9 /* Frameworks */,
			);
			sourceTree = "<group>";
		};
		DEAC78B6210C32B300D4445E /* Products */ = {
			isa = PBXGroup;
			children = (
				DEAC78B5210C32B300D4445E /* UserList.app */,
			);
			name = Products;
			sourceTree = "<group>";
		};
		DEAC78B7210C32B300D4445E /* UserList */ = {
			isa = PBXGroup;
			children = (
				DEAC78CC210C32ED00D4445E /* Applicaton */,
				DEAC78EE210C941C00D4445E /* CoreData */,
				DEAC78E4210C5CF300D4445E /* Extension */,
				DEAC78EB210C932C00D4445E /* Helpers */,
				DEAC78E1210C54E700D4445E /* Model */,
				DEAC78CB210C32DF00D4445E /* Resources */,
				DEAC78CA210C32BE00D4445E /* Storyboards */,
				DEAC78CD210C32FF00D4445E /* ViewControllers */,
				DEAC78D8210C3A3000D4445E /* Views */,
			);
			path = UserList;
			sourceTree = "<group>";
		};
		DEAC78CA210C32BE00D4445E /* Storyboards */ = {
			isa = PBXGroup;
			children = (
				DEAC78BC210C32B300D4445E /* Main.storyboard */,
				DEAC78C1210C32B400D4445E /* LaunchScreen.storyboard */,
			);
			path = Storyboards;
			sourceTree = "<group>";
		};
		DEAC78CB210C32DF00D4445E /* Resources */ = {
			isa = PBXGroup;
			children = (
				DEAC78BF210C32B400D4445E /* Assets.xcassets */,
			);
			path = Resources;
			sourceTree = "<group>";
		};
		DEAC78CC210C32ED00D4445E /* Applicaton */ = {
			isa = PBXGroup;
			children = (
				DEAC78C4210C32B400D4445E /* Info.plist */,
				DEAC78B8210C32B300D4445E /* AppDelegate.swift */,
				DEAC78DF210C50CD00D4445E /* UserListRouter.swift */,
			);
			path = Applicaton;
			sourceTree = "<group>";
		};
		DEAC78CD210C32FF00D4445E /* ViewControllers */ = {
			isa = PBXGroup;
			children = (
				DEAC78DD210C3E8A00D4445E /* BaseViewController.swift */,
				DEAC78D6210C393E00D4445E /* EditUserProfileVC.swift */,
				DEAC78D4210C392800D4445E /* SavedVC.swift */,
				DEAC78D2210C390C00D4445E /* UsersVC.swift */,
			);
			path = ViewControllers;
			sourceTree = "<group>";
		};
		DEAC78D8210C3A3000D4445E /* Views */ = {
			isa = PBXGroup;
			children = (
				DEAC78D9210C3A4F00D4445E /* UserCell.swift */,
				DEAC78DA210C3A4F00D4445E /* UserCell.xib */,
			);
			path = Views;
			sourceTree = "<group>";
		};
		DEAC78E1210C54E700D4445E /* Model */ = {
			isa = PBXGroup;
			children = (
				DEAC78E2210C553900D4445E /* UserList.swift */,
			);
			path = Model;
			sourceTree = "<group>";
		};
		DEAC78E4210C5CF300D4445E /* Extension */ = {
			isa = PBXGroup;
			children = (
				DEAC78E5210C5D1100D4445E /* String+Extension.swift */,
				DEAC78E9210C70FC00D4445E /* UIImage+Extension.swift */,
			);
			path = Extension;
			sourceTree = "<group>";
		};
		DEAC78EB210C932C00D4445E /* Helpers */ = {
			isa = PBXGroup;
			children = (
				DEAC7906210CBECC00D4445E /* PhotoPickerManager.swift */,
				DEAC78EC210C933C00D4445E /* Utils.swift */,
			);
			path = Helpers;
			sourceTree = "<group>";
		};
		DEAC78EE210C941C00D4445E /* CoreData */ = {
			isa = PBXGroup;
			children = (
				DEAC78EF210C942A00D4445E /* CoreDataStack.swift */,
				DEAC7900210C992800D4445E /* UserEntity+CoreDataClass.swift */,
				DEAC7901210C992800D4445E /* UserEntity+CoreDataProperties.swift */,
				DEAC7904210C9E6300D4445E /* UsersFetchedResultsController.swift */,
				DEAC78F1210C94F400D4445E /* UsersList.xcdatamodeld */,
			);
			path = CoreData;
			sourceTree = "<group>";
		};
/* End PBXGroup section */

/* Begin PBXNativeTarget section */
		DEAC78B4210C32B200D4445E /* UserList */ = {
			isa = PBXNativeTarget;
			buildConfigurationList = DEAC78C7210C32B400D4445E /* Build configuration list for PBXNativeTarget "UserList" */;
			buildPhases = (
				7514A842C88A5112A2A73215 /* [CP] Check Pods Manifest.lock */,
				DEAC78B1210C32B200D4445E /* Sources */,
				DEAC78B2210C32B200D4445E /* Frameworks */,
				DEAC78B3210C32B200D4445E /* Resources */,
				9D2606E6C5718480D7A0C182 /* [CP] Embed Pods Frameworks */,
			);
			buildRules = (
			);
			dependencies = (
			);
			name = UserList;
			productName = UserList;
			productReference = DEAC78B5210C32B300D4445E /* UserList.app */;
			productType = "com.apple.product-type.application";
		};
/* End PBXNativeTarget section */

/* Begin PBXProject section */
		DEAC78AD210C32B200D4445E /* Project object */ = {
			isa = PBXProject;
			attributes = {
				LastSwiftUpdateCheck = 0940;
				LastUpgradeCheck = 0940;
				ORGANIZATIONNAME = yura;
				TargetAttributes = {
					DEAC78B4210C32B200D4445E = {
						CreatedOnToolsVersion = 9.4.1;
					};
				};
			};
			buildConfigurationList = DEAC78B0210C32B200D4445E /* Build configuration list for PBXProject "UserList" */;
			compatibilityVersion = "Xcode 9.3";
			developmentRegion = en;
			hasScannedForEncodings = 0;
			knownRegions = (
				en,
				Base,
			);
			mainGroup = DEAC78AC210C32B200D4445E;
			productRefGroup = DEAC78B6210C32B300D4445E /* Products */;
			projectDirPath = "";
			projectRoot = "";
			targets = (
				DEAC78B4210C32B200D4445E /* UserList */,
			);
		};
/* End PBXProject section */

/* Begin PBXResourcesBuildPhase section */
		DEAC78B3210C32B200D4445E /* Resources */ = {
			isa = PBXResourcesBuildPhase;
			buildActionMask = 2147483647;
			files = (
				DEAC78DC210C3A4F00D4445E /* UserCell.xib in Resources */,
				DEAC78C3210C32B400D4445E /* LaunchScreen.storyboard in Resources */,
				DEAC78C0210C32B400D4445E /* Assets.xcassets in Resources */,
				DEAC78BE210C32B300D4445E /* Main.storyboard in Resources */,
			);
			runOnlyForDeploymentPostprocessing = 0;
		};
/* End PBXResourcesBuildPhase section */

/* Begin PBXShellScriptBuildPhase section */
		7514A842C88A5112A2A73215 /* [CP] Check Pods Manifest.lock */ = {
			isa = PBXShellScriptBuildPhase;
			buildActionMask = 2147483647;
			files = (
			);
			inputPaths = (
				"${PODS_PODFILE_DIR_PATH}/Podfile.lock",
				"${PODS_ROOT}/Manifest.lock",
			);
			name = "[CP] Check Pods Manifest.lock";
			outputPaths = (
				"$(DERIVED_FILE_DIR)/Pods-UserList-checkManifestLockResult.txt",
			);
			runOnlyForDeploymentPostprocessing = 0;
			shellPath = /bin/sh;
			shellScript = "diff \"${PODS_PODFILE_DIR_PATH}/Podfile.lock\" \"${PODS_ROOT}/Manifest.lock\" > /dev/null\nif [ $? != 0 ] ; then\n    # print error to STDERR\n    echo \"error: The sandbox is not in sync with the Podfile.lock. Run 'pod install' or update your CocoaPods installation.\" >&2\n    exit 1\nfi\n# This output is used by Xcode 'outputs' to avoid re-running this script phase.\necho \"SUCCESS\" > \"${SCRIPT_OUTPUT_FILE_0}\"\n";
			showEnvVarsInLog = 0;
		};
		9D2606E6C5718480D7A0C182 /* [CP] Embed Pods Frameworks */ = {
			isa = PBXShellScriptBuildPhase;
			buildActionMask = 2147483647;
			files = (
			);
			inputPaths = (
				"${SRCROOT}/Pods/Target Support Files/Pods-UserList/Pods-UserList-frameworks.sh",
				"${BUILT_PRODUCTS_DIR}/Alamofire/Alamofire.framework",
				"${BUILT_PRODUCTS_DIR}/AlamofireObjectMapper/AlamofireObjectMapper.framework",
				"${BUILT_PRODUCTS_DIR}/IQKeyboardManagerSwift/IQKeyboardManagerSwift.framework",
				"${BUILT_PRODUCTS_DIR}/Kingfisher/Kingfisher.framework",
				"${BUILT_PRODUCTS_DIR}/ObjectMapper/ObjectMapper.framework",
				"${BUILT_PRODUCTS_DIR}/PhoneNumberKit/PhoneNumberKit.framework",
			);
			name = "[CP] Embed Pods Frameworks";
			outputPaths = (
				"${TARGET_BUILD_DIR}/${FRAMEWORKS_FOLDER_PATH}/Alamofire.framework",
				"${TARGET_BUILD_DIR}/${FRAMEWORKS_FOLDER_PATH}/AlamofireObjectMapper.framework",
				"${TARGET_BUILD_DIR}/${FRAMEWORKS_FOLDER_PATH}/IQKeyboardManagerSwift.framework",
				"${TARGET_BUILD_DIR}/${FRAMEWORKS_FOLDER_PATH}/Kingfisher.framework",
				"${TARGET_BUILD_DIR}/${FRAMEWORKS_FOLDER_PATH}/ObjectMapper.framework",
				"${TARGET_BUILD_DIR}/${FRAMEWORKS_FOLDER_PATH}/PhoneNumberKit.framework",
			);
			runOnlyForDeploymentPostprocessing = 0;
			shellPath = /bin/sh;
			shellScript = "\"${SRCROOT}/Pods/Target Support Files/Pods-UserList/Pods-UserList-frameworks.sh\"\n";
			showEnvVarsInLog = 0;
		};
/* End PBXShellScriptBuildPhase section */

/* Begin PBXSourcesBuildPhase section */
		DEAC78B1210C32B200D4445E /* Sources */ = {
			isa = PBXSourcesBuildPhase;
			buildActionMask = 2147483647;
			files = (
				DEAC78B9210C32B300D4445E /* AppDelegate.swift in Sources */,
				DEAC7905210C9E6300D4445E /* UsersFetchedResultsController.swift in Sources */,
				DEAC78F3210C94F400D4445E /* UsersList.xcdatamodeld in Sources */,
				DEAC78E6210C5D1100D4445E /* String+Extension.swift in Sources */,
				DEAC78D7210C393E00D4445E /* EditUserProfileVC.swift in Sources */,
				DEAC78F0210C942A00D4445E /* CoreDataStack.swift in Sources */,
				DEAC78D5210C392800D4445E /* SavedVC.swift in Sources */,
				DEAC7907210CBECC00D4445E /* PhotoPickerManager.swift in Sources */,
				DEAC7902210C992800D4445E /* UserEntity+CoreDataClass.swift in Sources */,
				DEAC78E0210C50CD00D4445E /* UserListRouter.swift in Sources */,
				DEAC7903210C992800D4445E /* UserEntity+CoreDataProperties.swift in Sources */,
				DEAC78E3210C553900D4445E /* UserList.swift in Sources */,
				DEAC78DB210C3A4F00D4445E /* UserCell.swift in Sources */,
				DEAC78ED210C933C00D4445E /* Utils.swift in Sources */,
				DEAC78EA210C70FC00D4445E /* UIImage+Extension.swift in Sources */,
				DEAC78D3210C390C00D4445E /* UsersVC.swift in Sources */,
				DEAC78DE210C3E8A00D4445E /* BaseViewController.swift in Sources */,
			);
			runOnlyForDeploymentPostprocessing = 0;
		};
/* End PBXSourcesBuildPhase section */

/* Begin PBXVariantGroup section */
		DEAC78BC210C32B300D4445E /* Main.storyboard */ = {
			isa = PBXVariantGroup;
			children = (
				DEAC78BD210C32B300D4445E /* Base */,
			);
			name = Main.storyboard;
			sourceTree = "<group>";
		};
		DEAC78C1210C32B400D4445E /* LaunchScreen.storyboard */ = {
			isa = PBXVariantGroup;
			children = (
				DEAC78C2210C32B400D4445E /* Base */,
			);
			name = LaunchScreen.storyboard;
			sourceTree = "<group>";
		};
/* End PBXVariantGroup section */

/* Begin XCBuildConfiguration section */
		DEAC78C5210C32B400D4445E /* Debug */ = {
			isa = XCBuildConfiguration;
			buildSettings = {
				ALWAYS_SEARCH_USER_PATHS = NO;
				CLANG_ANALYZER_NONNULL = YES;
				CLANG_ANALYZER_NUMBER_OBJECT_CONVERSION = YES_AGGRESSIVE;
				CLANG_CXX_LANGUAGE_STANDARD = "gnu++14";
				CLANG_CXX_LIBRARY = "libc++";
				CLANG_ENABLE_MODULES = YES;
				CLANG_ENABLE_OBJC_ARC = YES;
				CLANG_ENABLE_OBJC_WEAK = YES;
				CLANG_WARN_BLOCK_CAPTURE_AUTORELEASING = YES;
				CLANG_WARN_BOOL_CONVERSION = YES;
				CLANG_WARN_COMMA = YES;
				CLANG_WARN_CONSTANT_CONVERSION = YES;
				CLANG_WARN_DEPRECATED_OBJC_IMPLEMENTATIONS = YES;
				CLANG_WARN_DIRECT_OBJC_ISA_USAGE = YES_ERROR;
				CLANG_WARN_DOCUMENTATION_COMMENTS = YES;
				CLANG_WARN_EMPTY_BODY = YES;
				CLANG_WARN_ENUM_CONVERSION = YES;
				CLANG_WARN_INFINITE_RECURSION = YES;
				CLANG_WARN_INT_CONVERSION = YES;
				CLANG_WARN_NON_LITERAL_NULL_CONVERSION = YES;
				CLANG_WARN_OBJC_IMPLICIT_RETAIN_SELF = YES;
				CLANG_WARN_OBJC_LITERAL_CONVERSION = YES;
				CLANG_WARN_OBJC_ROOT_CLASS = YES_ERROR;
				CLANG_WARN_RANGE_LOOP_ANALYSIS = YES;
				CLANG_WARN_STRICT_PROTOTYPES = YES;
				CLANG_WARN_SUSPICIOUS_MOVE = YES;
				CLANG_WARN_UNGUARDED_AVAILABILITY = YES_AGGRESSIVE;
				CLANG_WARN_UNREACHABLE_CODE = YES;
				CLANG_WARN__DUPLICATE_METHOD_MATCH = YES;
				CODE_SIGN_IDENTITY = "iPhone Developer";
				COPY_PHASE_STRIP = NO;
				DEBUG_INFORMATION_FORMAT = dwarf;
				ENABLE_STRICT_OBJC_MSGSEND = YES;
				ENABLE_TESTABILITY = YES;
				GCC_C_LANGUAGE_STANDARD = gnu11;
				GCC_DYNAMIC_NO_PIC = NO;
				GCC_NO_COMMON_BLOCKS = YES;
				GCC_OPTIMIZATION_LEVEL = 0;
				GCC_PREPROCESSOR_DEFINITIONS = (
					"DEBUG=1",
					"$(inherited)",
				);
				GCC_WARN_64_TO_32_BIT_CONVERSION = YES;
				GCC_WARN_ABOUT_RETURN_TYPE = YES_ERROR;
				GCC_WARN_UNDECLARED_SELECTOR = YES;
				GCC_WARN_UNINITIALIZED_AUTOS = YES_AGGRESSIVE;
				GCC_WARN_UNUSED_FUNCTION = YES;
				GCC_WARN_UNUSED_VARIABLE = YES;
				IPHONEOS_DEPLOYMENT_TARGET = 11.4;
				MTL_ENABLE_DEBUG_INFO = YES;
				ONLY_ACTIVE_ARCH = YES;
				SDKROOT = iphoneos;
				SWIFT_ACTIVE_COMPILATION_CONDITIONS = DEBUG;
				SWIFT_OPTIMIZATION_LEVEL = "-Onone";
			};
			name = Debug;
		};
		DEAC78C6210C32B400D4445E /* Release */ = {
			isa = XCBuildConfiguration;
			buildSettings = {
				ALWAYS_SEARCH_USER_PATHS = NO;
				CLANG_ANALYZER_NONNULL = YES;
				CLANG_ANALYZER_NUMBER_OBJECT_CONVERSION = YES_AGGRESSIVE;
				CLANG_CXX_LANGUAGE_STANDARD = "gnu++14";
				CLANG_CXX_LIBRARY = "libc++";
				CLANG_ENABLE_MODULES = YES;
				CLANG_ENABLE_OBJC_ARC = YES;
				CLANG_ENABLE_OBJC_WEAK = YES;
				CLANG_WARN_BLOCK_CAPTURE_AUTORELEASING = YES;
				CLANG_WARN_BOOL_CONVERSION = YES;
				CLANG_WARN_COMMA = YES;
				CLANG_WARN_CONSTANT_CONVERSION = YES;
				CLANG_WARN_DEPRECATED_OBJC_IMPLEMENTATIONS = YES;
				CLANG_WARN_DIRECT_OBJC_ISA_USAGE = YES_ERROR;
				CLANG_WARN_DOCUMENTATION_COMMENTS = YES;
				CLANG_WARN_EMPTY_BODY = YES;
				CLANG_WARN_ENUM_CONVERSION = YES;
				CLANG_WARN_INFINITE_RECURSION = YES;
				CLANG_WARN_INT_CONVERSION = YES;
				CLANG_WARN_NON_LITERAL_NULL_CONVERSION = YES;
				CLANG_WARN_OBJC_IMPLICIT_RETAIN_SELF = YES;
				CLANG_WARN_OBJC_LITERAL_CONVERSION = YES;
				CLANG_WARN_OBJC_ROOT_CLASS = YES_ERROR;
				CLANG_WARN_RANGE_LOOP_ANALYSIS = YES;
				CLANG_WARN_STRICT_PROTOTYPES = YES;
				CLANG_WARN_SUSPICIOUS_MOVE = YES;
				CLANG_WARN_UNGUARDED_AVAILABILITY = YES_AGGRESSIVE;
				CLANG_WARN_UNREACHABLE_CODE = YES;
				CLANG_WARN__DUPLICATE_METHOD_MATCH = YES;
				CODE_SIGN_IDENTITY = "iPhone Developer";
				COPY_PHASE_STRIP = NO;
				DEBUG_INFORMATION_FORMAT = "dwarf-with-dsym";
				ENABLE_NS_ASSERTIONS = NO;
				ENABLE_STRICT_OBJC_MSGSEND = YES;
				GCC_C_LANGUAGE_STANDARD = gnu11;
				GCC_NO_COMMON_BLOCKS = YES;
				GCC_WARN_64_TO_32_BIT_CONVERSION = YES;
				GCC_WARN_ABOUT_RETURN_TYPE = YES_ERROR;
				GCC_WARN_UNDECLARED_SELECTOR = YES;
				GCC_WARN_UNINITIALIZED_AUTOS = YES_AGGRESSIVE;
				GCC_WARN_UNUSED_FUNCTION = YES;
				GCC_WARN_UNUSED_VARIABLE = YES;
				IPHONEOS_DEPLOYMENT_TARGET = 11.4;
				MTL_ENABLE_DEBUG_INFO = NO;
				SDKROOT = iphoneos;
				SWIFT_COMPILATION_MODE = wholemodule;
				SWIFT_OPTIMIZATION_LEVEL = "-O";
				VALIDATE_PRODUCT = YES;
			};
			name = Release;
		};
		DEAC78C8210C32B400D4445E /* Debug */ = {
			isa = XCBuildConfiguration;
			baseConfigurationReference = 450B336F71C0E353A353CD2B /* Pods-UserList.debug.xcconfig */;
			buildSettings = {
				ASSETCATALOG_COMPILER_APPICON_NAME = AppIcon;
				CODE_SIGN_STYLE = Automatic;
				DEVELOPMENT_TEAM = VWAQ64T25E;
				INFOPLIST_FILE = "$(SRCROOT)/UserList/Applicaton/Info.plist";
				IPHONEOS_DEPLOYMENT_TARGET = 11.0;
				LD_RUNPATH_SEARCH_PATHS = (
					"$(inherited)",
					"@executable_path/Frameworks",
				);
				PRODUCT_BUNDLE_IDENTIFIER = com.yura.UserList;
				PRODUCT_NAME = "$(TARGET_NAME)";
				SWIFT_VERSION = 4.0;
				TARGETED_DEVICE_FAMILY = 1;
			};
			name = Debug;
		};
		DEAC78C9210C32B400D4445E /* Release */ = {
			isa = XCBuildConfiguration;
			baseConfigurationReference = A01F7124AFDC373F9A94AEFB /* Pods-UserList.release.xcconfig */;
			buildSettings = {
				ASSETCATALOG_COMPILER_APPICON_NAME = AppIcon;
				CODE_SIGN_STYLE = Automatic;
				DEVELOPMENT_TEAM = VWAQ64T25E;
				INFOPLIST_FILE = "$(SRCROOT)/UserList/Applicaton/Info.plist";
				IPHONEOS_DEPLOYMENT_TARGET = 11.0;
				LD_RUNPATH_SEARCH_PATHS = (
					"$(inherited)",
					"@executable_path/Frameworks",
				);
				PRODUCT_BUNDLE_IDENTIFIER = com.yura.UserList;
				PRODUCT_NAME = "$(TARGET_NAME)";
				SWIFT_VERSION = 4.0;
				TARGETED_DEVICE_FAMILY = 1;
			};
			name = Release;
		};
/* End XCBuildConfiguration section */

/* Begin XCConfigurationList section */
		DEAC78B0210C32B200D4445E /* Build configuration list for PBXProject "UserList" */ = {
			isa = XCConfigurationList;
			buildConfigurations = (
				DEAC78C5210C32B400D4445E /* Debug */,
				DEAC78C6210C32B400D4445E /* Release */,
			);
			defaultConfigurationIsVisible = 0;
			defaultConfigurationName = Release;
		};
		DEAC78C7210C32B400D4445E /* Build configuration list for PBXNativeTarget "UserList" */ = {
			isa = XCConfigurationList;
			buildConfigurations = (
				DEAC78C8210C32B400D4445E /* Debug */,
				DEAC78C9210C32B400D4445E /* Release */,
			);
			defaultConfigurationIsVisible = 0;
			defaultConfigurationName = Release;
		};
/* End XCConfigurationList section */

/* Begin XCVersionGroup section */
		DEAC78F1210C94F400D4445E /* UsersList.xcdatamodeld */ = {
			isa = XCVersionGroup;
			children = (
				DEAC78F2210C94F400D4445E /* UsersList.xcdatamodel */,
			);
			currentVersion = DEAC78F2210C94F400D4445E /* UsersList.xcdatamodel */;
			path = UsersList.xcdatamodeld;
			sourceTree = "<group>";
			versionGroupType = wrapper.xcdatamodel;
		};
/* End XCVersionGroup section */
	};
	rootObject = DEAC78AD210C32B200D4445E /* Project object */;
}
