// !$*UTF8*$!
{
	archiveVersion = 1;
	classes = {
	};
	objectVersion = 51;
	objects = {

/* Begin PBXBuildFile section */
		30B7469F838347E7FB99006C /* Pods_UserList.framework in Frameworks */ = {isa = PBXBuildFile; fileRef = 281DE734927B71A83264FA5E /* Pods_UserList.framework */; };
		CD432EE622B393E1008533B4 /* RealmProvider.swift in Sources */ = {isa = PBXBuildFile; fileRef = CD432EE522B393E1008533B4 /* RealmProvider.swift */; };
		CD432EE922B394C3008533B4 /* Path.swift in Sources */ = {isa = PBXBuildFile; fileRef = CD432EE822B394C3008533B4 /* Path.swift */; };
		CD432EEB22B39564008533B4 /* User.swift in Sources */ = {isa = PBXBuildFile; fileRef = CD432EEA22B39564008533B4 /* User.swift */; };
		CD432EED22B395CF008533B4 /* Name.swift in Sources */ = {isa = PBXBuildFile; fileRef = CD432EEC22B395CF008533B4 /* Name.swift */; };
		CD432EEF22B396AD008533B4 /* Picture.swift in Sources */ = {isa = PBXBuildFile; fileRef = CD432EEE22B396AD008533B4 /* Picture.swift */; };
		CD432EF122B39858008533B4 /* UsersResponse.swift in Sources */ = {isa = PBXBuildFile; fileRef = CD432EF022B39858008533B4 /* UsersResponse.swift */; };
		CD432EFB22B3C837008533B4 /* UsersViewModel.swift in Sources */ = {isa = PBXBuildFile; fileRef = CD432EFA22B3C837008533B4 /* UsersViewModel.swift */; };
		CD432F0122B3C9D0008533B4 /* UsersModelProtocol.swift in Sources */ = {isa = PBXBuildFile; fileRef = CD432F0022B3C9D0008533B4 /* UsersModelProtocol.swift */; };
		CD432F0322B3E2D3008533B4 /* UsersModel.swift in Sources */ = {isa = PBXBuildFile; fileRef = CD432F0222B3E2D3008533B4 /* UsersModel.swift */; };
		CD5D08B722E2046E00EF7E01 /* RxUsersViewModel.swift in Sources */ = {isa = PBXBuildFile; fileRef = CD5D088C22E1FE6500EF7E01 /* RxUsersViewModel.swift */; };
		CD5D08B822E2047000EF7E01 /* UsersRootView.swift in Sources */ = {isa = PBXBuildFile; fileRef = CDD6642722DCCB0400894166 /* UsersRootView.swift */; };
		CD5D08B922E2047500EF7E01 /* UIVIew+AutoLayout.swift in Sources */ = {isa = PBXBuildFile; fileRef = CD5D088922E1F4B800EF7E01 /* UIVIew+AutoLayout.swift */; };
		CD5D08BA22E2047800EF7E01 /* NiblessView.swift in Sources */ = {isa = PBXBuildFile; fileRef = CDD663FC22DCC7D500894166 /* NiblessView.swift */; };
		CD5D08BB22E2047900EF7E01 /* NiblessViewController.swift in Sources */ = {isa = PBXBuildFile; fileRef = CDD663FE22DCC80E00894166 /* NiblessViewController.swift */; };
		CD5D08BC22E2047B00EF7E01 /* NiblessNavigationController.swift in Sources */ = {isa = PBXBuildFile; fileRef = CDD6640022DCC83200894166 /* NiblessNavigationController.swift */; };
		CD5D08BF22E2079E00EF7E01 /* NewUserTableViewCell.swift in Sources */ = {isa = PBXBuildFile; fileRef = CD5D08BE22E2079E00EF7E01 /* NewUserTableViewCell.swift */; };
		CD5D08C122E2083D00EF7E01 /* NiblessTableViewCell.swift in Sources */ = {isa = PBXBuildFile; fileRef = CD5D08C022E2083D00EF7E01 /* NiblessTableViewCell.swift */; };
		CD5D08C322E58E0C00EF7E01 /* NSObejct+ClassName.swift in Sources */ = {isa = PBXBuildFile; fileRef = CD5D08C222E58E0C00EF7E01 /* NSObejct+ClassName.swift */; };
		CD6E365522E88BA5000D667C /* UsersRepository.swift in Sources */ = {isa = PBXBuildFile; fileRef = CD6E365422E88BA5000D667C /* UsersRepository.swift */; };
		CD6E365722E88E58000D667C /* NewNetworkTask.swift in Sources */ = {isa = PBXBuildFile; fileRef = CD6E365622E88E58000D667C /* NewNetworkTask.swift */; };
		CD6E365A22E89BB1000D667C /* UsersRepo.swift in Sources */ = {isa = PBXBuildFile; fileRef = CD6E365922E89BB1000D667C /* UsersRepo.swift */; };
		CD6E365C22E89E66000D667C /* NewUsersVC.swift in Sources */ = {isa = PBXBuildFile; fileRef = CD6E365B22E89E66000D667C /* NewUsersVC.swift */; };
		CD6E366122E9CAC8000D667C /* NiblessTableView.swift in Sources */ = {isa = PBXBuildFile; fileRef = CD6E366022E9CAC8000D667C /* NiblessTableView.swift */; };
		CD8814CD2306F1F4004DC157 /* RxEditUserProfileVC.swift in Sources */ = {isa = PBXBuildFile; fileRef = CD8814CC2306F1F4004DC157 /* RxEditUserProfileVC.swift */; };
		CD8814D42306F408004DC157 /* UserParameterTableViewCell.swift in Sources */ = {isa = PBXBuildFile; fileRef = CD8814D32306F408004DC157 /* UserParameterTableViewCell.swift */; };
		CD8814D72306F464004DC157 /* UserParameterViewModel.swift in Sources */ = {isa = PBXBuildFile; fileRef = CD8814D62306F464004DC157 /* UserParameterViewModel.swift */; };
		CDD4432E230A920F00F189DE /* EditUserRepository.swift in Sources */ = {isa = PBXBuildFile; fileRef = CDD4432D230A920F00F189DE /* EditUserRepository.swift */; };
		CDD44331230A966C00F189DE /* EditUserRouter.swift in Sources */ = {isa = PBXBuildFile; fileRef = CDD44330230A966C00F189DE /* EditUserRouter.swift */; };
		CDD44333230ABFDE00F189DE /* UserAvatarTableViewCell.swift in Sources */ = {isa = PBXBuildFile; fileRef = CDD44332230ABFDE00F189DE /* UserAvatarTableViewCell.swift */; };
		CDFCB61521D756210038E5D1 /* UsersViewProtocol.swift in Sources */ = {isa = PBXBuildFile; fileRef = CDFCB61421D756210038E5D1 /* UsersViewProtocol.swift */; };
		CDFCB61B21D7579C0038E5D1 /* ModuleBuilderProtocol.swift in Sources */ = {isa = PBXBuildFile; fileRef = CDFCB61A21D7579C0038E5D1 /* ModuleBuilderProtocol.swift */; };
		CDFCB62221D75C030038E5D1 /* Request.swift in Sources */ = {isa = PBXBuildFile; fileRef = CDFCB62121D75C030038E5D1 /* Request.swift */; };
		CDFCB62421D75C4D0038E5D1 /* GetUsersRequest.swift in Sources */ = {isa = PBXBuildFile; fileRef = CDFCB62321D75C4D0038E5D1 /* GetUsersRequest.swift */; };
		CDFCB62621D75D730038E5D1 /* Response.swift in Sources */ = {isa = PBXBuildFile; fileRef = CDFCB62521D75D730038E5D1 /* Response.swift */; };
		CDFCB62821D75DDD0038E5D1 /* NetworkTaskProtocol.swift in Sources */ = {isa = PBXBuildFile; fileRef = CDFCB62721D75DDD0038E5D1 /* NetworkTaskProtocol.swift */; };
		CDFCB62A21D75E3C0038E5D1 /* NetworkTask.swift in Sources */ = {isa = PBXBuildFile; fileRef = CDFCB62921D75E3C0038E5D1 /* NetworkTask.swift */; };
		CDFCB62C21D76F7C0038E5D1 /* UsersModuleBuilder.swift in Sources */ = {isa = PBXBuildFile; fileRef = CDFCB62B21D76F7C0038E5D1 /* UsersModuleBuilder.swift */; };
		CDFCB62E21D770670038E5D1 /* TabBarVC.swift in Sources */ = {isa = PBXBuildFile; fileRef = CDFCB62D21D770670038E5D1 /* TabBarVC.swift */; };
		CDFCB63021D773020038E5D1 /* SavedUsersModuleBuilder.swift in Sources */ = {isa = PBXBuildFile; fileRef = CDFCB62F21D773020038E5D1 /* SavedUsersModuleBuilder.swift */; };
		CDFCB63221D77A550038E5D1 /* EditUserProfileModelProtocol.swift in Sources */ = {isa = PBXBuildFile; fileRef = CDFCB63121D77A550038E5D1 /* EditUserProfileModelProtocol.swift */; };
		CDFCB63421D77A770038E5D1 /* EditUserProfileViewProtocol.swift in Sources */ = {isa = PBXBuildFile; fileRef = CDFCB63321D77A770038E5D1 /* EditUserProfileViewProtocol.swift */; };
		CDFCB63621D77A8A0038E5D1 /* EditUserProfilePresenterProtocol.swift in Sources */ = {isa = PBXBuildFile; fileRef = CDFCB63521D77A8A0038E5D1 /* EditUserProfilePresenterProtocol.swift */; };
		CDFCB63C21D77BC90038E5D1 /* EditUserProfileModel.swift in Sources */ = {isa = PBXBuildFile; fileRef = CDFCB63B21D77BC90038E5D1 /* EditUserProfileModel.swift */; };
		CDFCB63E21D77F5C0038E5D1 /* EditUserProfilePresenter.swift in Sources */ = {isa = PBXBuildFile; fileRef = CDFCB63D21D77F5C0038E5D1 /* EditUserProfilePresenter.swift */; };
		CDFCB64021D780730038E5D1 /* EditUserProfileModuleBuilder.swift in Sources */ = {isa = PBXBuildFile; fileRef = CDFCB63F21D780730038E5D1 /* EditUserProfileModuleBuilder.swift */; };
		DE5FE79722B438B800708187 /* UserCellViewModel.swift in Sources */ = {isa = PBXBuildFile; fileRef = DE5FE79622B438B800708187 /* UserCellViewModel.swift */; };
		DE5FE79A22B5086000708187 /* Router.swift in Sources */ = {isa = PBXBuildFile; fileRef = DE5FE79922B5086000708187 /* Router.swift */; };
		DE5FE79C22B508C200708187 /* UsersRouter.swift in Sources */ = {isa = PBXBuildFile; fileRef = DE5FE79B22B508C200708187 /* UsersRouter.swift */; };
		DE5FE79E22B51FF600708187 /* UsersViewModelProtocol.swift in Sources */ = {isa = PBXBuildFile; fileRef = DE5FE79D22B51FF600708187 /* UsersViewModelProtocol.swift */; };
		DEAC78B9210C32B300D4445E /* AppDelegate.swift in Sources */ = {isa = PBXBuildFile; fileRef = DEAC78B8210C32B300D4445E /* AppDelegate.swift */; };
		DEAC78BE210C32B300D4445E /* Main.storyboard in Resources */ = {isa = PBXBuildFile; fileRef = DEAC78BC210C32B300D4445E /* Main.storyboard */; };
		DEAC78C0210C32B400D4445E /* Assets.xcassets in Resources */ = {isa = PBXBuildFile; fileRef = DEAC78BF210C32B400D4445E /* Assets.xcassets */; };
		DEAC78C3210C32B400D4445E /* LaunchScreen.storyboard in Resources */ = {isa = PBXBuildFile; fileRef = DEAC78C1210C32B400D4445E /* LaunchScreen.storyboard */; };
		DEAC78D3210C390C00D4445E /* UsersVC.swift in Sources */ = {isa = PBXBuildFile; fileRef = DEAC78D2210C390C00D4445E /* UsersVC.swift */; };
		DEAC78D5210C392800D4445E /* SavedVC.swift in Sources */ = {isa = PBXBuildFile; fileRef = DEAC78D4210C392800D4445E /* SavedVC.swift */; };
		DEAC78D7210C393E00D4445E /* EditUserProfileVC.swift in Sources */ = {isa = PBXBuildFile; fileRef = DEAC78D6210C393E00D4445E /* EditUserProfileVC.swift */; };
		DEAC78DB210C3A4F00D4445E /* UserCell.swift in Sources */ = {isa = PBXBuildFile; fileRef = DEAC78D9210C3A4F00D4445E /* UserCell.swift */; };
		DEAC78DC210C3A4F00D4445E /* UserCell.xib in Resources */ = {isa = PBXBuildFile; fileRef = DEAC78DA210C3A4F00D4445E /* UserCell.xib */; };
		DEAC78DE210C3E8A00D4445E /* BaseViewController.swift in Sources */ = {isa = PBXBuildFile; fileRef = DEAC78DD210C3E8A00D4445E /* BaseViewController.swift */; };
		DEAC78E6210C5D1100D4445E /* String+Extension.swift in Sources */ = {isa = PBXBuildFile; fileRef = DEAC78E5210C5D1100D4445E /* String+Extension.swift */; };
		DEAC78EA210C70FC00D4445E /* UIImage+Extension.swift in Sources */ = {isa = PBXBuildFile; fileRef = DEAC78E9210C70FC00D4445E /* UIImage+Extension.swift */; };
		DEAC78ED210C933C00D4445E /* Utils.swift in Sources */ = {isa = PBXBuildFile; fileRef = DEAC78EC210C933C00D4445E /* Utils.swift */; };
		DEAC78F0210C942A00D4445E /* CoreDataStack.swift in Sources */ = {isa = PBXBuildFile; fileRef = DEAC78EF210C942A00D4445E /* CoreDataStack.swift */; };
		DEAC78F3210C94F400D4445E /* UsersList.xcdatamodeld in Sources */ = {isa = PBXBuildFile; fileRef = DEAC78F1210C94F400D4445E /* UsersList.xcdatamodeld */; };
		DEAC7902210C992800D4445E /* UserEntity+CoreDataClass.swift in Sources */ = {isa = PBXBuildFile; fileRef = DEAC7900210C992800D4445E /* UserEntity+CoreDataClass.swift */; };
		DEAC7903210C992800D4445E /* UserEntity+CoreDataProperties.swift in Sources */ = {isa = PBXBuildFile; fileRef = DEAC7901210C992800D4445E /* UserEntity+CoreDataProperties.swift */; };
		DEAC7905210C9E6300D4445E /* UsersFetchedResultsController.swift in Sources */ = {isa = PBXBuildFile; fileRef = DEAC7904210C9E6300D4445E /* UsersFetchedResultsController.swift */; };
		DEAC7907210CBECC00D4445E /* PhotoPickerManager.swift in Sources */ = {isa = PBXBuildFile; fileRef = DEAC7906210CBECC00D4445E /* PhotoPickerManager.swift */; };
		DEF0ED312308669C0063BCB2 /* EditUserProfileViewModel.swift in Sources */ = {isa = PBXBuildFile; fileRef = DEF0ED302308669C0063BCB2 /* EditUserProfileViewModel.swift */; };
		DEF0ED332308796F0063BCB2 /* NewEditUserModuleBuilder.swift in Sources */ = {isa = PBXBuildFile; fileRef = DEF0ED322308796F0063BCB2 /* NewEditUserModuleBuilder.swift */; };
		DEF0ED3523087BD30063BCB2 /* NewUsersRouter.swift in Sources */ = {isa = PBXBuildFile; fileRef = DEF0ED3423087BD30063BCB2 /* NewUsersRouter.swift */; };
		DEFB669822E9FDAE00AA6E73 /* NiblessTableViewController.swift in Sources */ = {isa = PBXBuildFile; fileRef = DEFB669722E9FDAE00AA6E73 /* NiblessTableViewController.swift */; };
		DEFB669A22E9FED000AA6E73 /* EditUserProfileRootView.swift in Sources */ = {isa = PBXBuildFile; fileRef = DEFB669922E9FED000AA6E73 /* EditUserProfileRootView.swift */; };
		DEFB66A222EA019F00AA6E73 /* EditUserProfileRepositoty.swift in Sources */ = {isa = PBXBuildFile; fileRef = DEFB66A122EA019F00AA6E73 /* EditUserProfileRepositoty.swift */; };
		DEFB66A422EA058300AA6E73 /* AvatarView.swift in Sources */ = {isa = PBXBuildFile; fileRef = DEFB66A322EA058300AA6E73 /* AvatarView.swift */; };
/* End PBXBuildFile section */

/* Begin PBXCopyFilesBuildPhase section */
		CDD663F522DCC5ED00894166 /* Embed Frameworks */ = {
			isa = PBXCopyFilesBuildPhase;
			buildActionMask = 2147483647;
			dstPath = "";
			dstSubfolderSpec = 10;
			files = (
			);
			name = "Embed Frameworks";
			runOnlyForDeploymentPostprocessing = 0;
		};
/* End PBXCopyFilesBuildPhase section */

/* Begin PBXFileReference section */
		281DE734927B71A83264FA5E /* Pods_UserList.framework */ = {isa = PBXFileReference; explicitFileType = wrapper.framework; includeInIndex = 0; path = Pods_UserList.framework; sourceTree = BUILT_PRODUCTS_DIR; };
		450B336F71C0E353A353CD2B /* Pods-UserList.debug.xcconfig */ = {isa = PBXFileReference; includeInIndex = 1; lastKnownFileType = text.xcconfig; name = "Pods-UserList.debug.xcconfig"; path = "Pods/Target Support Files/Pods-UserList/Pods-UserList.debug.xcconfig"; sourceTree = "<group>"; };
		A01F7124AFDC373F9A94AEFB /* Pods-UserList.release.xcconfig */ = {isa = PBXFileReference; includeInIndex = 1; lastKnownFileType = text.xcconfig; name = "Pods-UserList.release.xcconfig"; path = "Pods/Target Support Files/Pods-UserList/Pods-UserList.release.xcconfig"; sourceTree = "<group>"; };
		CD432EE522B393E1008533B4 /* RealmProvider.swift */ = {isa = PBXFileReference; lastKnownFileType = sourcecode.swift; path = RealmProvider.swift; sourceTree = "<group>"; };
		CD432EE822B394C3008533B4 /* Path.swift */ = {isa = PBXFileReference; lastKnownFileType = sourcecode.swift; path = Path.swift; sourceTree = "<group>"; };
		CD432EEA22B39564008533B4 /* User.swift */ = {isa = PBXFileReference; lastKnownFileType = sourcecode.swift; path = User.swift; sourceTree = "<group>"; };
		CD432EEC22B395CF008533B4 /* Name.swift */ = {isa = PBXFileReference; lastKnownFileType = sourcecode.swift; path = Name.swift; sourceTree = "<group>"; };
		CD432EEE22B396AD008533B4 /* Picture.swift */ = {isa = PBXFileReference; lastKnownFileType = sourcecode.swift; path = Picture.swift; sourceTree = "<group>"; };
		CD432EF022B39858008533B4 /* UsersResponse.swift */ = {isa = PBXFileReference; lastKnownFileType = sourcecode.swift; path = UsersResponse.swift; sourceTree = "<group>"; };
		CD432EFA22B3C837008533B4 /* UsersViewModel.swift */ = {isa = PBXFileReference; lastKnownFileType = sourcecode.swift; path = UsersViewModel.swift; sourceTree = "<group>"; };
		CD432F0022B3C9D0008533B4 /* UsersModelProtocol.swift */ = {isa = PBXFileReference; lastKnownFileType = sourcecode.swift; path = UsersModelProtocol.swift; sourceTree = "<group>"; };
		CD432F0222B3E2D3008533B4 /* UsersModel.swift */ = {isa = PBXFileReference; lastKnownFileType = sourcecode.swift; path = UsersModel.swift; sourceTree = "<group>"; };
		CD5D088922E1F4B800EF7E01 /* UIVIew+AutoLayout.swift */ = {isa = PBXFileReference; lastKnownFileType = sourcecode.swift; path = "UIVIew+AutoLayout.swift"; sourceTree = "<group>"; };
		CD5D088C22E1FE6500EF7E01 /* RxUsersViewModel.swift */ = {isa = PBXFileReference; lastKnownFileType = sourcecode.swift; path = RxUsersViewModel.swift; sourceTree = "<group>"; };
		CD5D088E22E1FF7700EF7E01 /* PromiseKit.framework */ = {isa = PBXFileReference; explicitFileType = wrapper.framework; path = PromiseKit.framework; sourceTree = BUILT_PRODUCTS_DIR; };
		CD5D089022E1FF7700EF7E01 /* Realm.framework */ = {isa = PBXFileReference; explicitFileType = wrapper.framework; path = Realm.framework; sourceTree = BUILT_PRODUCTS_DIR; };
		CD5D089222E1FF7700EF7E01 /* RealmSwift.framework */ = {isa = PBXFileReference; explicitFileType = wrapper.framework; path = RealmSwift.framework; sourceTree = BUILT_PRODUCTS_DIR; };
		CD5D089422E1FF7700EF7E01 /* RxCocoa.framework */ = {isa = PBXFileReference; explicitFileType = wrapper.framework; path = RxCocoa.framework; sourceTree = BUILT_PRODUCTS_DIR; };
		CD5D089622E1FF7700EF7E01 /* RxRelay.framework */ = {isa = PBXFileReference; explicitFileType = wrapper.framework; path = RxRelay.framework; sourceTree = BUILT_PRODUCTS_DIR; };
		CD5D089822E1FF7700EF7E01 /* RxSwift.framework */ = {isa = PBXFileReference; explicitFileType = wrapper.framework; path = RxSwift.framework; sourceTree = BUILT_PRODUCTS_DIR; };
		CD5D089A22E1FF8600EF7E01 /* PromiseKit.framework */ = {isa = PBXFileReference; explicitFileType = wrapper.framework; path = PromiseKit.framework; sourceTree = BUILT_PRODUCTS_DIR; };
		CD5D089C22E1FF8600EF7E01 /* Realm.framework */ = {isa = PBXFileReference; explicitFileType = wrapper.framework; path = Realm.framework; sourceTree = BUILT_PRODUCTS_DIR; };
		CD5D089E22E1FF8600EF7E01 /* RealmSwift.framework */ = {isa = PBXFileReference; explicitFileType = wrapper.framework; path = RealmSwift.framework; sourceTree = BUILT_PRODUCTS_DIR; };
		CD5D08A022E1FF8600EF7E01 /* RxCocoa.framework */ = {isa = PBXFileReference; explicitFileType = wrapper.framework; path = RxCocoa.framework; sourceTree = BUILT_PRODUCTS_DIR; };
		CD5D08A222E1FF8600EF7E01 /* RxRelay.framework */ = {isa = PBXFileReference; explicitFileType = wrapper.framework; path = RxRelay.framework; sourceTree = BUILT_PRODUCTS_DIR; };
		CD5D08A422E1FF8600EF7E01 /* RxSwift.framework */ = {isa = PBXFileReference; explicitFileType = wrapper.framework; path = RxSwift.framework; sourceTree = BUILT_PRODUCTS_DIR; };
		CD5D08A622E1FF9400EF7E01 /* PromiseKit.framework */ = {isa = PBXFileReference; explicitFileType = wrapper.framework; path = PromiseKit.framework; sourceTree = BUILT_PRODUCTS_DIR; };
		CD5D08A822E1FF9400EF7E01 /* Realm.framework */ = {isa = PBXFileReference; explicitFileType = wrapper.framework; path = Realm.framework; sourceTree = BUILT_PRODUCTS_DIR; };
		CD5D08AA22E1FF9400EF7E01 /* RealmSwift.framework */ = {isa = PBXFileReference; explicitFileType = wrapper.framework; path = RealmSwift.framework; sourceTree = BUILT_PRODUCTS_DIR; };
		CD5D08AC22E1FF9400EF7E01 /* RxCocoa.framework */ = {isa = PBXFileReference; explicitFileType = wrapper.framework; path = RxCocoa.framework; sourceTree = BUILT_PRODUCTS_DIR; };
		CD5D08AE22E1FF9400EF7E01 /* RxRelay.framework */ = {isa = PBXFileReference; explicitFileType = wrapper.framework; path = RxRelay.framework; sourceTree = BUILT_PRODUCTS_DIR; };
		CD5D08B022E1FF9400EF7E01 /* RxSwift.framework */ = {isa = PBXFileReference; explicitFileType = wrapper.framework; path = RxSwift.framework; sourceTree = BUILT_PRODUCTS_DIR; };
		CD5D08BE22E2079E00EF7E01 /* NewUserTableViewCell.swift */ = {isa = PBXFileReference; lastKnownFileType = sourcecode.swift; path = NewUserTableViewCell.swift; sourceTree = "<group>"; };
		CD5D08C022E2083D00EF7E01 /* NiblessTableViewCell.swift */ = {isa = PBXFileReference; lastKnownFileType = sourcecode.swift; path = NiblessTableViewCell.swift; sourceTree = "<group>"; };
		CD5D08C222E58E0C00EF7E01 /* NSObejct+ClassName.swift */ = {isa = PBXFileReference; lastKnownFileType = sourcecode.swift; path = "NSObejct+ClassName.swift"; sourceTree = "<group>"; };
		CD6E365422E88BA5000D667C /* UsersRepository.swift */ = {isa = PBXFileReference; lastKnownFileType = sourcecode.swift; path = UsersRepository.swift; sourceTree = "<group>"; };
		CD6E365622E88E58000D667C /* NewNetworkTask.swift */ = {isa = PBXFileReference; lastKnownFileType = sourcecode.swift; path = NewNetworkTask.swift; sourceTree = "<group>"; };
		CD6E365922E89BB1000D667C /* UsersRepo.swift */ = {isa = PBXFileReference; lastKnownFileType = sourcecode.swift; path = UsersRepo.swift; sourceTree = "<group>"; };
		CD6E365B22E89E66000D667C /* NewUsersVC.swift */ = {isa = PBXFileReference; lastKnownFileType = sourcecode.swift; path = NewUsersVC.swift; sourceTree = "<group>"; };
		CD6E366022E9CAC8000D667C /* NiblessTableView.swift */ = {isa = PBXFileReference; lastKnownFileType = sourcecode.swift; path = NiblessTableView.swift; sourceTree = "<group>"; };
		CD8814CC2306F1F4004DC157 /* RxEditUserProfileVC.swift */ = {isa = PBXFileReference; lastKnownFileType = sourcecode.swift; path = RxEditUserProfileVC.swift; sourceTree = "<group>"; };
		CD8814D32306F408004DC157 /* UserParameterTableViewCell.swift */ = {isa = PBXFileReference; lastKnownFileType = sourcecode.swift; path = UserParameterTableViewCell.swift; sourceTree = "<group>"; };
		CD8814D62306F464004DC157 /* UserParameterViewModel.swift */ = {isa = PBXFileReference; lastKnownFileType = sourcecode.swift; path = UserParameterViewModel.swift; sourceTree = "<group>"; };
		CDD4432D230A920F00F189DE /* EditUserRepository.swift */ = {isa = PBXFileReference; lastKnownFileType = sourcecode.swift; path = EditUserRepository.swift; sourceTree = "<group>"; };
		CDD44330230A966C00F189DE /* EditUserRouter.swift */ = {isa = PBXFileReference; lastKnownFileType = sourcecode.swift; path = EditUserRouter.swift; sourceTree = "<group>"; };
		CDD44332230ABFDE00F189DE /* UserAvatarTableViewCell.swift */ = {isa = PBXFileReference; lastKnownFileType = sourcecode.swift; path = UserAvatarTableViewCell.swift; sourceTree = "<group>"; };
		CDD663FC22DCC7D500894166 /* NiblessView.swift */ = {isa = PBXFileReference; lastKnownFileType = sourcecode.swift; path = NiblessView.swift; sourceTree = "<group>"; };
		CDD663FE22DCC80E00894166 /* NiblessViewController.swift */ = {isa = PBXFileReference; lastKnownFileType = sourcecode.swift; path = NiblessViewController.swift; sourceTree = "<group>"; };
		CDD6640022DCC83200894166 /* NiblessNavigationController.swift */ = {isa = PBXFileReference; lastKnownFileType = sourcecode.swift; path = NiblessNavigationController.swift; sourceTree = "<group>"; };
		CDD6642722DCCB0400894166 /* UsersRootView.swift */ = {isa = PBXFileReference; lastKnownFileType = sourcecode.swift; path = UsersRootView.swift; sourceTree = "<group>"; };
		CDFCB61421D756210038E5D1 /* UsersViewProtocol.swift */ = {isa = PBXFileReference; lastKnownFileType = sourcecode.swift; path = UsersViewProtocol.swift; sourceTree = "<group>"; };
		CDFCB61A21D7579C0038E5D1 /* ModuleBuilderProtocol.swift */ = {isa = PBXFileReference; lastKnownFileType = sourcecode.swift; path = ModuleBuilderProtocol.swift; sourceTree = "<group>"; };
		CDFCB62121D75C030038E5D1 /* Request.swift */ = {isa = PBXFileReference; lastKnownFileType = sourcecode.swift; path = Request.swift; sourceTree = "<group>"; };
		CDFCB62321D75C4D0038E5D1 /* GetUsersRequest.swift */ = {isa = PBXFileReference; lastKnownFileType = sourcecode.swift; path = GetUsersRequest.swift; sourceTree = "<group>"; };
		CDFCB62521D75D730038E5D1 /* Response.swift */ = {isa = PBXFileReference; lastKnownFileType = sourcecode.swift; path = Response.swift; sourceTree = "<group>"; };
		CDFCB62721D75DDD0038E5D1 /* NetworkTaskProtocol.swift */ = {isa = PBXFileReference; lastKnownFileType = sourcecode.swift; path = NetworkTaskProtocol.swift; sourceTree = "<group>"; };
		CDFCB62921D75E3C0038E5D1 /* NetworkTask.swift */ = {isa = PBXFileReference; lastKnownFileType = sourcecode.swift; path = NetworkTask.swift; sourceTree = "<group>"; };
		CDFCB62B21D76F7C0038E5D1 /* UsersModuleBuilder.swift */ = {isa = PBXFileReference; lastKnownFileType = sourcecode.swift; path = UsersModuleBuilder.swift; sourceTree = "<group>"; };
		CDFCB62D21D770670038E5D1 /* TabBarVC.swift */ = {isa = PBXFileReference; lastKnownFileType = sourcecode.swift; path = TabBarVC.swift; sourceTree = "<group>"; };
		CDFCB62F21D773020038E5D1 /* SavedUsersModuleBuilder.swift */ = {isa = PBXFileReference; lastKnownFileType = sourcecode.swift; path = SavedUsersModuleBuilder.swift; sourceTree = "<group>"; };
		CDFCB63121D77A550038E5D1 /* EditUserProfileModelProtocol.swift */ = {isa = PBXFileReference; lastKnownFileType = sourcecode.swift; path = EditUserProfileModelProtocol.swift; sourceTree = "<group>"; };
		CDFCB63321D77A770038E5D1 /* EditUserProfileViewProtocol.swift */ = {isa = PBXFileReference; lastKnownFileType = sourcecode.swift; path = EditUserProfileViewProtocol.swift; sourceTree = "<group>"; };
		CDFCB63521D77A8A0038E5D1 /* EditUserProfilePresenterProtocol.swift */ = {isa = PBXFileReference; lastKnownFileType = sourcecode.swift; path = EditUserProfilePresenterProtocol.swift; sourceTree = "<group>"; };
		CDFCB63B21D77BC90038E5D1 /* EditUserProfileModel.swift */ = {isa = PBXFileReference; lastKnownFileType = sourcecode.swift; path = EditUserProfileModel.swift; sourceTree = "<group>"; };
		CDFCB63D21D77F5C0038E5D1 /* EditUserProfilePresenter.swift */ = {isa = PBXFileReference; lastKnownFileType = sourcecode.swift; path = EditUserProfilePresenter.swift; sourceTree = "<group>"; };
		CDFCB63F21D780730038E5D1 /* EditUserProfileModuleBuilder.swift */ = {isa = PBXFileReference; lastKnownFileType = sourcecode.swift; path = EditUserProfileModuleBuilder.swift; sourceTree = "<group>"; };
		DE5FE79622B438B800708187 /* UserCellViewModel.swift */ = {isa = PBXFileReference; lastKnownFileType = sourcecode.swift; path = UserCellViewModel.swift; sourceTree = "<group>"; };
		DE5FE79922B5086000708187 /* Router.swift */ = {isa = PBXFileReference; lastKnownFileType = sourcecode.swift; path = Router.swift; sourceTree = "<group>"; };
		DE5FE79B22B508C200708187 /* UsersRouter.swift */ = {isa = PBXFileReference; lastKnownFileType = sourcecode.swift; path = UsersRouter.swift; sourceTree = "<group>"; };
		DE5FE79D22B51FF600708187 /* UsersViewModelProtocol.swift */ = {isa = PBXFileReference; lastKnownFileType = sourcecode.swift; path = UsersViewModelProtocol.swift; sourceTree = "<group>"; };
		DEAC78B5210C32B300D4445E /* UserList.app */ = {isa = PBXFileReference; explicitFileType = wrapper.application; includeInIndex = 0; path = UserList.app; sourceTree = BUILT_PRODUCTS_DIR; };
		DEAC78B8210C32B300D4445E /* AppDelegate.swift */ = {isa = PBXFileReference; lastKnownFileType = sourcecode.swift; path = AppDelegate.swift; sourceTree = "<group>"; };
		DEAC78BD210C32B300D4445E /* Base */ = {isa = PBXFileReference; lastKnownFileType = file.storyboard; name = Base; path = Base.lproj/Main.storyboard; sourceTree = "<group>"; };
		DEAC78BF210C32B400D4445E /* Assets.xcassets */ = {isa = PBXFileReference; lastKnownFileType = folder.assetcatalog; path = Assets.xcassets; sourceTree = "<group>"; };
		DEAC78C2210C32B400D4445E /* Base */ = {isa = PBXFileReference; lastKnownFileType = file.storyboard; name = Base; path = Base.lproj/LaunchScreen.storyboard; sourceTree = "<group>"; };
		DEAC78C4210C32B400D4445E /* Info.plist */ = {isa = PBXFileReference; lastKnownFileType = text.plist.xml; path = Info.plist; sourceTree = "<group>"; };
		DEAC78D2210C390C00D4445E /* UsersVC.swift */ = {isa = PBXFileReference; lastKnownFileType = sourcecode.swift; path = UsersVC.swift; sourceTree = "<group>"; };
		DEAC78D4210C392800D4445E /* SavedVC.swift */ = {isa = PBXFileReference; lastKnownFileType = sourcecode.swift; path = SavedVC.swift; sourceTree = "<group>"; };
		DEAC78D6210C393E00D4445E /* EditUserProfileVC.swift */ = {isa = PBXFileReference; lastKnownFileType = sourcecode.swift; path = EditUserProfileVC.swift; sourceTree = "<group>"; };
		DEAC78D9210C3A4F00D4445E /* UserCell.swift */ = {isa = PBXFileReference; lastKnownFileType = sourcecode.swift; path = UserCell.swift; sourceTree = "<group>"; };
		DEAC78DA210C3A4F00D4445E /* UserCell.xib */ = {isa = PBXFileReference; lastKnownFileType = file.xib; path = UserCell.xib; sourceTree = "<group>"; };
		DEAC78DD210C3E8A00D4445E /* BaseViewController.swift */ = {isa = PBXFileReference; lastKnownFileType = sourcecode.swift; path = BaseViewController.swift; sourceTree = "<group>"; };
		DEAC78E5210C5D1100D4445E /* String+Extension.swift */ = {isa = PBXFileReference; lastKnownFileType = sourcecode.swift; path = "String+Extension.swift"; sourceTree = "<group>"; };
		DEAC78E9210C70FC00D4445E /* UIImage+Extension.swift */ = {isa = PBXFileReference; lastKnownFileType = sourcecode.swift; path = "UIImage+Extension.swift"; sourceTree = "<group>"; };
		DEAC78EC210C933C00D4445E /* Utils.swift */ = {isa = PBXFileReference; lastKnownFileType = sourcecode.swift; path = Utils.swift; sourceTree = "<group>"; };
		DEAC78EF210C942A00D4445E /* CoreDataStack.swift */ = {isa = PBXFileReference; lastKnownFileType = sourcecode.swift; path = CoreDataStack.swift; sourceTree = "<group>"; };
		DEAC78F2210C94F400D4445E /* UsersList.xcdatamodel */ = {isa = PBXFileReference; lastKnownFileType = wrapper.xcdatamodel; path = UsersList.xcdatamodel; sourceTree = "<group>"; };
		DEAC7900210C992800D4445E /* UserEntity+CoreDataClass.swift */ = {isa = PBXFileReference; lastKnownFileType = sourcecode.swift; path = "UserEntity+CoreDataClass.swift"; sourceTree = "<group>"; };
		DEAC7901210C992800D4445E /* UserEntity+CoreDataProperties.swift */ = {isa = PBXFileReference; lastKnownFileType = sourcecode.swift; path = "UserEntity+CoreDataProperties.swift"; sourceTree = "<group>"; };
		DEAC7904210C9E6300D4445E /* UsersFetchedResultsController.swift */ = {isa = PBXFileReference; lastKnownFileType = sourcecode.swift; path = UsersFetchedResultsController.swift; sourceTree = "<group>"; };
		DEAC7906210CBECC00D4445E /* PhotoPickerManager.swift */ = {isa = PBXFileReference; lastKnownFileType = sourcecode.swift; path = PhotoPickerManager.swift; sourceTree = "<group>"; };
		DEF0ED302308669C0063BCB2 /* EditUserProfileViewModel.swift */ = {isa = PBXFileReference; lastKnownFileType = sourcecode.swift; path = EditUserProfileViewModel.swift; sourceTree = "<group>"; };
		DEF0ED322308796F0063BCB2 /* NewEditUserModuleBuilder.swift */ = {isa = PBXFileReference; lastKnownFileType = sourcecode.swift; path = NewEditUserModuleBuilder.swift; sourceTree = "<group>"; };
		DEF0ED3423087BD30063BCB2 /* NewUsersRouter.swift */ = {isa = PBXFileReference; lastKnownFileType = sourcecode.swift; path = NewUsersRouter.swift; sourceTree = "<group>"; };
		DEFB669722E9FDAE00AA6E73 /* NiblessTableViewController.swift */ = {isa = PBXFileReference; lastKnownFileType = sourcecode.swift; path = NiblessTableViewController.swift; sourceTree = "<group>"; };
		DEFB669922E9FED000AA6E73 /* EditUserProfileRootView.swift */ = {isa = PBXFileReference; lastKnownFileType = sourcecode.swift; path = EditUserProfileRootView.swift; sourceTree = "<group>"; };
		DEFB66A122EA019F00AA6E73 /* EditUserProfileRepositoty.swift */ = {isa = PBXFileReference; lastKnownFileType = sourcecode.swift; path = EditUserProfileRepositoty.swift; sourceTree = "<group>"; };
		DEFB66A322EA058300AA6E73 /* AvatarView.swift */ = {isa = PBXFileReference; lastKnownFileType = sourcecode.swift; path = AvatarView.swift; sourceTree = "<group>"; };
/* End PBXFileReference section */

/* Begin PBXFrameworksBuildPhase section */
		DEAC78B2210C32B200D4445E /* Frameworks */ = {
			isa = PBXFrameworksBuildPhase;
			buildActionMask = 2147483647;
			files = (
				30B7469F838347E7FB99006C /* Pods_UserList.framework in Frameworks */,
			);
			runOnlyForDeploymentPostprocessing = 0;
		};
/* End PBXFrameworksBuildPhase section */

/* Begin PBXGroup section */
		9C0E86524B9ADB5358F6D6C1 /* Pods */ = {
			isa = PBXGroup;
			children = (
				450B336F71C0E353A353CD2B /* Pods-UserList.debug.xcconfig */,
				A01F7124AFDC373F9A94AEFB /* Pods-UserList.release.xcconfig */,
			);
			name = Pods;
			sourceTree = "<group>";
		};
		B9A6699A410C926BA99B8BD9 /* Frameworks */ = {
			isa = PBXGroup;
			children = (
				CD5D08A622E1FF9400EF7E01 /* PromiseKit.framework */,
				CD5D08A822E1FF9400EF7E01 /* Realm.framework */,
				CD5D08AA22E1FF9400EF7E01 /* RealmSwift.framework */,
				CD5D08AC22E1FF9400EF7E01 /* RxCocoa.framework */,
				CD5D08AE22E1FF9400EF7E01 /* RxRelay.framework */,
				CD5D08B022E1FF9400EF7E01 /* RxSwift.framework */,
				CD5D089A22E1FF8600EF7E01 /* PromiseKit.framework */,
				CD5D089C22E1FF8600EF7E01 /* Realm.framework */,
				CD5D089E22E1FF8600EF7E01 /* RealmSwift.framework */,
				CD5D08A022E1FF8600EF7E01 /* RxCocoa.framework */,
				CD5D08A222E1FF8600EF7E01 /* RxRelay.framework */,
				CD5D08A422E1FF8600EF7E01 /* RxSwift.framework */,
				CD5D088E22E1FF7700EF7E01 /* PromiseKit.framework */,
				CD5D089022E1FF7700EF7E01 /* Realm.framework */,
				CD5D089222E1FF7700EF7E01 /* RealmSwift.framework */,
				CD5D089422E1FF7700EF7E01 /* RxCocoa.framework */,
				CD5D089622E1FF7700EF7E01 /* RxRelay.framework */,
				CD5D089822E1FF7700EF7E01 /* RxSwift.framework */,
				281DE734927B71A83264FA5E /* Pods_UserList.framework */,
			);
			name = Frameworks;
			sourceTree = "<group>";
		};
		CD432EE422B393C8008533B4 /* Realm */ = {
			isa = PBXGroup;
			children = (
				CD432EE722B393E5008533B4 /* Models */,
				CD432EE522B393E1008533B4 /* RealmProvider.swift */,
			);
			path = Realm;
			sourceTree = "<group>";
		};
		CD432EE722B393E5008533B4 /* Models */ = {
			isa = PBXGroup;
			children = (
				CD432EEA22B39564008533B4 /* User.swift */,
				CD432EEC22B395CF008533B4 /* Name.swift */,
				CD432EEE22B396AD008533B4 /* Picture.swift */,
			);
			path = Models;
			sourceTree = "<group>";
		};
		CD432EF222B3A8EB008533B4 /* Responses */ = {
			isa = PBXGroup;
			children = (
				CDFCB62521D75D730038E5D1 /* Response.swift */,
				CD432EF022B39858008533B4 /* UsersResponse.swift */,
			);
			path = Responses;
			sourceTree = "<group>";
		};
		CD432EF322B3A8F7008533B4 /* Requests */ = {
			isa = PBXGroup;
			children = (
				CDFCB62321D75C4D0038E5D1 /* GetUsersRequest.swift */,
				CDFCB62121D75C030038E5D1 /* Request.swift */,
			);
			path = Requests;
			sourceTree = "<group>";
		};
		CD432EF422B3B6C7008533B4 /* Module */ = {
			isa = PBXGroup;
			children = (
				CD432EF922B3B72E008533B4 /* SavedUsers */,
				CD432EF822B3B6F2008533B4 /* EditUser */,
				CD432EF522B3B6D5008533B4 /* Users */,
			);
			path = Module;
			sourceTree = "<group>";
		};
		CD432EF522B3B6D5008533B4 /* Users */ = {
			isa = PBXGroup;
			children = (
				DE5FE79522B4374300708187 /* Protocol */,
				DE5FE79622B438B800708187 /* UserCellViewModel.swift */,
				DEAC78D2210C390C00D4445E /* UsersVC.swift */,
				CD432EFA22B3C837008533B4 /* UsersViewModel.swift */,
				CD432F0222B3E2D3008533B4 /* UsersModel.swift */,
			);
			path = Users;
			sourceTree = "<group>";
		};
		CD432EF822B3B6F2008533B4 /* EditUser */ = {
			isa = PBXGroup;
			children = (
				CDFCB63521D77A8A0038E5D1 /* EditUserProfilePresenterProtocol.swift */,
				CDFCB63D21D77F5C0038E5D1 /* EditUserProfilePresenter.swift */,
				CDFCB63121D77A550038E5D1 /* EditUserProfileModelProtocol.swift */,
				CDFCB63B21D77BC90038E5D1 /* EditUserProfileModel.swift */,
				DEAC78D6210C393E00D4445E /* EditUserProfileVC.swift */,
			);
			path = EditUser;
			sourceTree = "<group>";
		};
		CD432EF922B3B72E008533B4 /* SavedUsers */ = {
			isa = PBXGroup;
			children = (
				DEAC78D4210C392800D4445E /* SavedVC.swift */,
			);
			path = SavedUsers;
			sourceTree = "<group>";
		};
		CD5D088822E1F49600EF7E01 /* Extensions */ = {
			isa = PBXGroup;
			children = (
				CD5D088922E1F4B800EF7E01 /* UIVIew+AutoLayout.swift */,
				CD5D08C222E58E0C00EF7E01 /* NSObejct+ClassName.swift */,
			);
			path = Extensions;
			sourceTree = "<group>";
		};
		CD5D08B222E1FFEF00EF7E01 /* mvvm */ = {
			isa = PBXGroup;
			children = (
				CD6E365122E88B3C000D667C /* DataLayer */,
				CD5D08B322E1FFFA00EF7E01 /* Modules */,
				CDD663F922DCC77300894166 /* Reusable */,
			);
			path = mvvm;
			sourceTree = "<group>";
		};
		CD5D08B322E1FFFA00EF7E01 /* Modules */ = {
			isa = PBXGroup;
			children = (
				CD6E365D22E9C5FA000D667C /* EditUser */,
				CD5D08B422E2000800EF7E01 /* Users */,
			);
			path = Modules;
			sourceTree = "<group>";
		};
		CD5D08B422E2000800EF7E01 /* Users */ = {
			isa = PBXGroup;
			children = (
				CD6E365822E89B8F000D667C /* Repositoty */,
				CD5D08B622E2003A00EF7E01 /* ViewModel */,
				CD5D08B522E2001400EF7E01 /* View */,
			);
			path = Users;
			sourceTree = "<group>";
		};
		CD5D08B522E2001400EF7E01 /* View */ = {
			isa = PBXGroup;
			children = (
				CD5D08BD22E2076600EF7E01 /* Cell */,
				CDD6642722DCCB0400894166 /* UsersRootView.swift */,
				CD6E365B22E89E66000D667C /* NewUsersVC.swift */,
			);
			path = View;
			sourceTree = "<group>";
		};
		CD5D08B622E2003A00EF7E01 /* ViewModel */ = {
			isa = PBXGroup;
			children = (
				CD5D088C22E1FE6500EF7E01 /* RxUsersViewModel.swift */,
			);
			path = ViewModel;
			sourceTree = "<group>";
		};
		CD5D08BD22E2076600EF7E01 /* Cell */ = {
			isa = PBXGroup;
			children = (
				CD5D08BE22E2079E00EF7E01 /* NewUserTableViewCell.swift */,
			);
			path = Cell;
			sourceTree = "<group>";
		};
		CD6E365122E88B3C000D667C /* DataLayer */ = {
			isa = PBXGroup;
			children = (
				CD6E365322E88B76000D667C /* Repositories */,
			);
			path = DataLayer;
			sourceTree = "<group>";
		};
		CD6E365322E88B76000D667C /* Repositories */ = {
			isa = PBXGroup;
			children = (
				CD6E365422E88BA5000D667C /* UsersRepository.swift */,
				DEFB66A122EA019F00AA6E73 /* EditUserProfileRepositoty.swift */,
			);
			path = Repositories;
			sourceTree = "<group>";
		};
		CD6E365822E89B8F000D667C /* Repositoty */ = {
			isa = PBXGroup;
			children = (
				CD6E365922E89BB1000D667C /* UsersRepo.swift */,
			);
			path = Repositoty;
			sourceTree = "<group>";
		};
		CD6E365D22E9C5FA000D667C /* EditUser */ = {
			isa = PBXGroup;
			children = (
				CDD4432F230A964600F189DE /* Router */,
				CDD4432C230A91EE00F189DE /* Repository */,
				CD8814D52306F443004DC157 /* ViewModel */,
				CD8814D12306F386004DC157 /* View */,
			);
			path = EditUser;
			sourceTree = "<group>";
		};
		CD8814D12306F386004DC157 /* View */ = {
			isa = PBXGroup;
			children = (
				CD8814D22306F3BD004DC157 /* Cell */,
				DEFB66A322EA058300AA6E73 /* AvatarView.swift */,
				DEFB669922E9FED000AA6E73 /* EditUserProfileRootView.swift */,
				CD8814CC2306F1F4004DC157 /* RxEditUserProfileVC.swift */,
			);
			path = View;
			sourceTree = "<group>";
		};
		CD8814D22306F3BD004DC157 /* Cell */ = {
			isa = PBXGroup;
			children = (
				CD8814D32306F408004DC157 /* UserParameterTableViewCell.swift */,
				CDD44332230ABFDE00F189DE /* UserAvatarTableViewCell.swift */,
			);
			path = Cell;
			sourceTree = "<group>";
		};
		CD8814D52306F443004DC157 /* ViewModel */ = {
			isa = PBXGroup;
			children = (
				CD8814D62306F464004DC157 /* UserParameterViewModel.swift */,
				DEF0ED302308669C0063BCB2 /* EditUserProfileViewModel.swift */,
			);
			path = ViewModel;
			sourceTree = "<group>";
		};
		CDD4432C230A91EE00F189DE /* Repository */ = {
			isa = PBXGroup;
			children = (
				CDD4432D230A920F00F189DE /* EditUserRepository.swift */,
			);
			path = Repository;
			sourceTree = "<group>";
		};
		CDD4432F230A964600F189DE /* Router */ = {
			isa = PBXGroup;
			children = (
				CDD44330230A966C00F189DE /* EditUserRouter.swift */,
			);
			path = Router;
			sourceTree = "<group>";
		};
		CDD663F922DCC77300894166 /* Reusable */ = {
			isa = PBXGroup;
			children = (
				CDD663FA22DCC78300894166 /* UIKit */,
			);
			path = Reusable;
			sourceTree = "<group>";
		};
		CDD663FA22DCC78300894166 /* UIKit */ = {
			isa = PBXGroup;
			children = (
				CD5D088822E1F49600EF7E01 /* Extensions */,
				CDD663FB22DCC78A00894166 /* NiblessComponents */,
			);
			path = UIKit;
			sourceTree = "<group>";
		};
		CDD663FB22DCC78A00894166 /* NiblessComponents */ = {
			isa = PBXGroup;
			children = (
				CDD663FC22DCC7D500894166 /* NiblessView.swift */,
				CD6E366022E9CAC8000D667C /* NiblessTableView.swift */,
				CDD663FE22DCC80E00894166 /* NiblessViewController.swift */,
				CDD6640022DCC83200894166 /* NiblessNavigationController.swift */,
				CD5D08C022E2083D00EF7E01 /* NiblessTableViewCell.swift */,
				DEFB669722E9FDAE00AA6E73 /* NiblessTableViewController.swift */,
			);
			path = NiblessComponents;
			sourceTree = "<group>";
		};
		CDFCB61321D756080038E5D1 /* Views */ = {
			isa = PBXGroup;
			children = (
				DEAC78CA210C32BE00D4445E /* Storyboards */,
				DEAC78D8210C3A3000D4445E /* Cells */,
				CDFCB63921D77B080038E5D1 /* Protocols */,
				CDFCB62D21D770670038E5D1 /* TabBarVC.swift */,
				DEAC78DD210C3E8A00D4445E /* BaseViewController.swift */,
			);
			name = Views;
			path = "New Group";
			sourceTree = "<group>";
		};
		CDFCB61921D757750038E5D1 /* ModuleBuilders */ = {
			isa = PBXGroup;
			children = (
				CDFCB63F21D780730038E5D1 /* EditUserProfileModuleBuilder.swift */,
				CDFCB61A21D7579C0038E5D1 /* ModuleBuilderProtocol.swift */,
				CDFCB62F21D773020038E5D1 /* SavedUsersModuleBuilder.swift */,
				CDFCB62B21D76F7C0038E5D1 /* UsersModuleBuilder.swift */,
				DEF0ED322308796F0063BCB2 /* NewEditUserModuleBuilder.swift */,
			);
			path = ModuleBuilders;
			sourceTree = "<group>";
		};
		CDFCB62021D75BEB0038E5D1 /* NetworkLayer */ = {
			isa = PBXGroup;
			children = (
				CD432EF322B3A8F7008533B4 /* Requests */,
				CD432EF222B3A8EB008533B4 /* Responses */,
				CDFCB62921D75E3C0038E5D1 /* NetworkTask.swift */,
				CDFCB62721D75DDD0038E5D1 /* NetworkTaskProtocol.swift */,
				CD6E365622E88E58000D667C /* NewNetworkTask.swift */,
			);
			path = NetworkLayer;
			sourceTree = "<group>";
		};
		CDFCB63921D77B080038E5D1 /* Protocols */ = {
			isa = PBXGroup;
			children = (
				CDFCB63321D77A770038E5D1 /* EditUserProfileViewProtocol.swift */,
				CDFCB61421D756210038E5D1 /* UsersViewProtocol.swift */,
			);
			path = Protocols;
			sourceTree = "<group>";
		};
		DE5FE79522B4374300708187 /* Protocol */ = {
			isa = PBXGroup;
			children = (
				CD432F0022B3C9D0008533B4 /* UsersModelProtocol.swift */,
				DE5FE79D22B51FF600708187 /* UsersViewModelProtocol.swift */,
			);
			path = Protocol;
			sourceTree = "<group>";
		};
		DE5FE79822B5084C00708187 /* Router */ = {
			isa = PBXGroup;
			children = (
				DE5FE79922B5086000708187 /* Router.swift */,
				DE5FE79B22B508C200708187 /* UsersRouter.swift */,
				DEF0ED3423087BD30063BCB2 /* NewUsersRouter.swift */,
			);
			path = Router;
			sourceTree = "<group>";
		};
		DEAC78AC210C32B200D4445E = {
			isa = PBXGroup;
			children = (
				DEAC78B7210C32B300D4445E /* UserList */,
				DEAC78B6210C32B300D4445E /* Products */,
				9C0E86524B9ADB5358F6D6C1 /* Pods */,
				B9A6699A410C926BA99B8BD9 /* Frameworks */,
			);
			sourceTree = "<group>";
		};
		DEAC78B6210C32B300D4445E /* Products */ = {
			isa = PBXGroup;
			children = (
				DEAC78B5210C32B300D4445E /* UserList.app */,
			);
			name = Products;
			sourceTree = "<group>";
		};
		DEAC78B7210C32B300D4445E /* UserList */ = {
			isa = PBXGroup;
			children = (
				CD5D08B222E1FFEF00EF7E01 /* mvvm */,
				DE5FE79822B5084C00708187 /* Router */,
				CD432EF422B3B6C7008533B4 /* Module */,
				CD432EE422B393C8008533B4 /* Realm */,
				CDFCB62021D75BEB0038E5D1 /* NetworkLayer */,
				CDFCB61921D757750038E5D1 /* ModuleBuilders */,
				CDFCB61321D756080038E5D1 /* Views */,
				DEAC78CC210C32ED00D4445E /* Applicaton */,
				DEAC78EE210C941C00D4445E /* CoreData */,
				DEAC78E4210C5CF300D4445E /* Extensions */,
				DEAC78EB210C932C00D4445E /* Helpers */,
				DEAC78CB210C32DF00D4445E /* Resources */,
			);
			path = UserList;
			sourceTree = "<group>";
		};
		DEAC78CA210C32BE00D4445E /* Storyboards */ = {
			isa = PBXGroup;
			children = (
				DEAC78BC210C32B300D4445E /* Main.storyboard */,
				DEAC78C1210C32B400D4445E /* LaunchScreen.storyboard */,
			);
			path = Storyboards;
			sourceTree = "<group>";
		};
		DEAC78CB210C32DF00D4445E /* Resources */ = {
			isa = PBXGroup;
			children = (
				DEAC78BF210C32B400D4445E /* Assets.xcassets */,
			);
			path = Resources;
			sourceTree = "<group>";
		};
		DEAC78CC210C32ED00D4445E /* Applicaton */ = {
			isa = PBXGroup;
			children = (
				DEAC78B8210C32B300D4445E /* AppDelegate.swift */,
				DEAC78C4210C32B400D4445E /* Info.plist */,
			);
			path = Applicaton;
			sourceTree = "<group>";
		};
		DEAC78D8210C3A3000D4445E /* Cells */ = {
			isa = PBXGroup;
			children = (
				DEAC78D9210C3A4F00D4445E /* UserCell.swift */,
				DEAC78DA210C3A4F00D4445E /* UserCell.xib */,
			);
			path = Cells;
			sourceTree = "<group>";
		};
		DEAC78E4210C5CF300D4445E /* Extensions */ = {
			isa = PBXGroup;
			children = (
				DEAC78E5210C5D1100D4445E /* String+Extension.swift */,
				DEAC78E9210C70FC00D4445E /* UIImage+Extension.swift */,
				CD432EE822B394C3008533B4 /* Path.swift */,
			);
			path = Extensions;
			sourceTree = "<group>";
		};
		DEAC78EB210C932C00D4445E /* Helpers */ = {
			isa = PBXGroup;
			children = (
				DEAC7906210CBECC00D4445E /* PhotoPickerManager.swift */,
				DEAC78EC210C933C00D4445E /* Utils.swift */,
			);
			path = Helpers;
			sourceTree = "<group>";
		};
		DEAC78EE210C941C00D4445E /* CoreData */ = {
			isa = PBXGroup;
			children = (
				DEAC78EF210C942A00D4445E /* CoreDataStack.swift */,
				DEAC7900210C992800D4445E /* UserEntity+CoreDataClass.swift */,
				DEAC7901210C992800D4445E /* UserEntity+CoreDataProperties.swift */,
				DEAC7904210C9E6300D4445E /* UsersFetchedResultsController.swift */,
				DEAC78F1210C94F400D4445E /* UsersList.xcdatamodeld */,
			);
			path = CoreData;
			sourceTree = "<group>";
		};
/* End PBXGroup section */

/* Begin PBXNativeTarget section */
		DEAC78B4210C32B200D4445E /* UserList */ = {
			isa = PBXNativeTarget;
			buildConfigurationList = DEAC78C7210C32B400D4445E /* Build configuration list for PBXNativeTarget "UserList" */;
			buildPhases = (
				7514A842C88A5112A2A73215 /* [CP] Check Pods Manifest.lock */,
				DEAC78B1210C32B200D4445E /* Sources */,
				DEAC78B2210C32B200D4445E /* Frameworks */,
				DEAC78B3210C32B200D4445E /* Resources */,
				9D2606E6C5718480D7A0C182 /* [CP] Embed Pods Frameworks */,
				CDD663F522DCC5ED00894166 /* Embed Frameworks */,
			);
			buildRules = (
			);
			dependencies = (
			);
			name = UserList;
			productName = UserList;
			productReference = DEAC78B5210C32B300D4445E /* UserList.app */;
			productType = "com.apple.product-type.application";
		};
/* End PBXNativeTarget section */

/* Begin PBXProject section */
		DEAC78AD210C32B200D4445E /* Project object */ = {
			isa = PBXProject;
			attributes = {
				LastSwiftUpdateCheck = 1020;
				LastUpgradeCheck = 0940;
				ORGANIZATIONNAME = yura;
				TargetAttributes = {
					DEAC78B4210C32B200D4445E = {
						CreatedOnToolsVersion = 9.4.1;
					};
				};
			};
			buildConfigurationList = DEAC78B0210C32B200D4445E /* Build configuration list for PBXProject "UserList" */;
			compatibilityVersion = "Xcode 9.3";
			developmentRegion = en;
			hasScannedForEncodings = 0;
			knownRegions = (
				en,
				Base,
			);
			mainGroup = DEAC78AC210C32B200D4445E;
			productRefGroup = DEAC78B6210C32B300D4445E /* Products */;
			projectDirPath = "";
			projectRoot = "";
			targets = (
				DEAC78B4210C32B200D4445E /* UserList */,
			);
		};
/* End PBXProject section */

/* Begin PBXResourcesBuildPhase section */
		DEAC78B3210C32B200D4445E /* Resources */ = {
			isa = PBXResourcesBuildPhase;
			buildActionMask = 2147483647;
			files = (
				DEAC78DC210C3A4F00D4445E /* UserCell.xib in Resources */,
				DEAC78C3210C32B400D4445E /* LaunchScreen.storyboard in Resources */,
				DEAC78C0210C32B400D4445E /* Assets.xcassets in Resources */,
				DEAC78BE210C32B300D4445E /* Main.storyboard in Resources */,
			);
			runOnlyForDeploymentPostprocessing = 0;
		};
/* End PBXResourcesBuildPhase section */

/* Begin PBXShellScriptBuildPhase section */
		7514A842C88A5112A2A73215 /* [CP] Check Pods Manifest.lock */ = {
			isa = PBXShellScriptBuildPhase;
			buildActionMask = 2147483647;
			files = (
			);
			inputPaths = (
				"${PODS_PODFILE_DIR_PATH}/Podfile.lock",
				"${PODS_ROOT}/Manifest.lock",
			);
			name = "[CP] Check Pods Manifest.lock";
			outputPaths = (
				"$(DERIVED_FILE_DIR)/Pods-UserList-checkManifestLockResult.txt",
			);
			runOnlyForDeploymentPostprocessing = 0;
			shellPath = /bin/sh;
			shellScript = "diff \"${PODS_PODFILE_DIR_PATH}/Podfile.lock\" \"${PODS_ROOT}/Manifest.lock\" > /dev/null\nif [ $? != 0 ] ; then\n    # print error to STDERR\n    echo \"error: The sandbox is not in sync with the Podfile.lock. Run 'pod install' or update your CocoaPods installation.\" >&2\n    exit 1\nfi\n# This output is used by Xcode 'outputs' to avoid re-running this script phase.\necho \"SUCCESS\" > \"${SCRIPT_OUTPUT_FILE_0}\"\n";
			showEnvVarsInLog = 0;
		};
		9D2606E6C5718480D7A0C182 /* [CP] Embed Pods Frameworks */ = {
			isa = PBXShellScriptBuildPhase;
			buildActionMask = 2147483647;
			files = (
			);
			inputFileListPaths = (
				"${PODS_ROOT}/Target Support Files/Pods-UserList/Pods-UserList-frameworks-${CONFIGURATION}-input-files.xcfilelist",
			);
			name = "[CP] Embed Pods Frameworks";
			outputFileListPaths = (
				"${PODS_ROOT}/Target Support Files/Pods-UserList/Pods-UserList-frameworks-${CONFIGURATION}-output-files.xcfilelist",
			);
			runOnlyForDeploymentPostprocessing = 0;
			shellPath = /bin/sh;
			shellScript = "\"${PODS_ROOT}/Target Support Files/Pods-UserList/Pods-UserList-frameworks.sh\"\n";
			showEnvVarsInLog = 0;
		};
/* End PBXShellScriptBuildPhase section */

/* Begin PBXSourcesBuildPhase section */
		DEAC78B1210C32B200D4445E /* Sources */ = {
			isa = PBXSourcesBuildPhase;
			buildActionMask = 2147483647;
			files = (
				CDFCB63421D77A770038E5D1 /* EditUserProfileViewProtocol.swift in Sources */,
				DEAC78B9210C32B300D4445E /* AppDelegate.swift in Sources */,
				CDFCB62221D75C030038E5D1 /* Request.swift in Sources */,
				DE5FE79E22B51FF600708187 /* UsersViewModelProtocol.swift in Sources */,
				CD432F0122B3C9D0008533B4 /* UsersModelProtocol.swift in Sources */,
				DEAC7905210C9E6300D4445E /* UsersFetchedResultsController.swift in Sources */,
				CD5D08BC22E2047B00EF7E01 /* NiblessNavigationController.swift in Sources */,
				CD5D08C322E58E0C00EF7E01 /* NSObejct+ClassName.swift in Sources */,
				DE5FE79722B438B800708187 /* UserCellViewModel.swift in Sources */,
				CDFCB63221D77A550038E5D1 /* EditUserProfileModelProtocol.swift in Sources */,
				CD432EE622B393E1008533B4 /* RealmProvider.swift in Sources */,
				DEAC78F3210C94F400D4445E /* UsersList.xcdatamodeld in Sources */,
				DEAC78E6210C5D1100D4445E /* String+Extension.swift in Sources */,
				CD6E365C22E89E66000D667C /* NewUsersVC.swift in Sources */,
				CDFCB63621D77A8A0038E5D1 /* EditUserProfilePresenterProtocol.swift in Sources */,
				DEF0ED312308669C0063BCB2 /* EditUserProfileViewModel.swift in Sources */,
				CDFCB62621D75D730038E5D1 /* Response.swift in Sources */,
				CD432EF122B39858008533B4 /* UsersResponse.swift in Sources */,
				DEAC78D7210C393E00D4445E /* EditUserProfileVC.swift in Sources */,
				CD432EED22B395CF008533B4 /* Name.swift in Sources */,
				CDD4432E230A920F00F189DE /* EditUserRepository.swift in Sources */,
				DEAC78F0210C942A00D4445E /* CoreDataStack.swift in Sources */,
				CDFCB62A21D75E3C0038E5D1 /* NetworkTask.swift in Sources */,
				DEAC78D5210C392800D4445E /* SavedVC.swift in Sources */,
				CD5D08C122E2083D00EF7E01 /* NiblessTableViewCell.swift in Sources */,
				CD5D08B922E2047500EF7E01 /* UIVIew+AutoLayout.swift in Sources */,
				CDFCB63E21D77F5C0038E5D1 /* EditUserProfilePresenter.swift in Sources */,
				CDD44333230ABFDE00F189DE /* UserAvatarTableViewCell.swift in Sources */,
				CDD44331230A966C00F189DE /* EditUserRouter.swift in Sources */,
				CD432EFB22B3C837008533B4 /* UsersViewModel.swift in Sources */,
				CD432EEF22B396AD008533B4 /* Picture.swift in Sources */,
				CD432EEB22B39564008533B4 /* User.swift in Sources */,
				DE5FE79C22B508C200708187 /* UsersRouter.swift in Sources */,
				CD432EE922B394C3008533B4 /* Path.swift in Sources */,
				DEAC7907210CBECC00D4445E /* PhotoPickerManager.swift in Sources */,
				CD8814D72306F464004DC157 /* UserParameterViewModel.swift in Sources */,
				CD5D08BB22E2047900EF7E01 /* NiblessViewController.swift in Sources */,
				CD5D08BF22E2079E00EF7E01 /* NewUserTableViewCell.swift in Sources */,
				DEAC7902210C992800D4445E /* UserEntity+CoreDataClass.swift in Sources */,
				CD8814CD2306F1F4004DC157 /* RxEditUserProfileVC.swift in Sources */,
				CDFCB63021D773020038E5D1 /* SavedUsersModuleBuilder.swift in Sources */,
				CDFCB61521D756210038E5D1 /* UsersViewProtocol.swift in Sources */,
				CDFCB62C21D76F7C0038E5D1 /* UsersModuleBuilder.swift in Sources */,
				DEF0ED3523087BD30063BCB2 /* NewUsersRouter.swift in Sources */,
				CD6E365722E88E58000D667C /* NewNetworkTask.swift in Sources */,
				CDFCB62421D75C4D0038E5D1 /* GetUsersRequest.swift in Sources */,
				DE5FE79A22B5086000708187 /* Router.swift in Sources */,
				DEAC7903210C992800D4445E /* UserEntity+CoreDataProperties.swift in Sources */,
				CDFCB61B21D7579C0038E5D1 /* ModuleBuilderProtocol.swift in Sources */,
				DEFB66A422EA058300AA6E73 /* AvatarView.swift in Sources */,
				DEFB669A22E9FED000AA6E73 /* EditUserProfileRootView.swift in Sources */,
				CD5D08B722E2046E00EF7E01 /* RxUsersViewModel.swift in Sources */,
				CD8814D42306F408004DC157 /* UserParameterTableViewCell.swift in Sources */,
				CD5D08B822E2047000EF7E01 /* UsersRootView.swift in Sources */,
				CDFCB62E21D770670038E5D1 /* TabBarVC.swift in Sources */,
				CDFCB64021D780730038E5D1 /* EditUserProfileModuleBuilder.swift in Sources */,
				CD5D08BA22E2047800EF7E01 /* NiblessView.swift in Sources */,
				CD6E366122E9CAC8000D667C /* NiblessTableView.swift in Sources */,
				DEF0ED332308796F0063BCB2 /* NewEditUserModuleBuilder.swift in Sources */,
				DEFB66A222EA019F00AA6E73 /* EditUserProfileRepositoty.swift in Sources */,
				CD6E365A22E89BB1000D667C /* UsersRepo.swift in Sources */,
				DEAC78DB210C3A4F00D4445E /* UserCell.swift in Sources */,
				CD6E365522E88BA5000D667C /* UsersRepository.swift in Sources */,
				DEAC78ED210C933C00D4445E /* Utils.swift in Sources */,
				CDFCB62821D75DDD0038E5D1 /* NetworkTaskProtocol.swift in Sources */,
				DEAC78EA210C70FC00D4445E /* UIImage+Extension.swift in Sources */,
				DEFB669822E9FDAE00AA6E73 /* NiblessTableViewController.swift in Sources */,
				DEAC78D3210C390C00D4445E /* UsersVC.swift in Sources */,
				CDFCB63C21D77BC90038E5D1 /* EditUserProfileModel.swift in Sources */,
				DEAC78DE210C3E8A00D4445E /* BaseViewController.swift in Sources */,
				CD432F0322B3E2D3008533B4 /* UsersModel.swift in Sources */,
			);
			runOnlyForDeploymentPostprocessing = 0;
		};
/* End PBXSourcesBuildPhase section */

/* Begin PBXVariantGroup section */
		DEAC78BC210C32B300D4445E /* Main.storyboard */ = {
			isa = PBXVariantGroup;
			children = (
				DEAC78BD210C32B300D4445E /* Base */,
			);
			name = Main.storyboard;
			sourceTree = "<group>";
		};
		DEAC78C1210C32B400D4445E /* LaunchScreen.storyboard */ = {
			isa = PBXVariantGroup;
			children = (
				DEAC78C2210C32B400D4445E /* Base */,
			);
			name = LaunchScreen.storyboard;
			sourceTree = "<group>";
		};
/* End PBXVariantGroup section */

/* Begin XCBuildConfiguration section */
		DEAC78C5210C32B400D4445E /* Debug */ = {
			isa = XCBuildConfiguration;
			buildSettings = {
				ALWAYS_SEARCH_USER_PATHS = NO;
				CLANG_ANALYZER_NONNULL = YES;
				CLANG_ANALYZER_NUMBER_OBJECT_CONVERSION = YES_AGGRESSIVE;
				CLANG_CXX_LANGUAGE_STANDARD = "gnu++14";
				CLANG_CXX_LIBRARY = "libc++";
				CLANG_ENABLE_MODULES = YES;
				CLANG_ENABLE_OBJC_ARC = YES;
				CLANG_ENABLE_OBJC_WEAK = YES;
				CLANG_WARN_BLOCK_CAPTURE_AUTORELEASING = YES;
				CLANG_WARN_BOOL_CONVERSION = YES;
				CLANG_WARN_COMMA = YES;
				CLANG_WARN_CONSTANT_CONVERSION = YES;
				CLANG_WARN_DEPRECATED_OBJC_IMPLEMENTATIONS = YES;
				CLANG_WARN_DIRECT_OBJC_ISA_USAGE = YES_ERROR;
				CLANG_WARN_DOCUMENTATION_COMMENTS = YES;
				CLANG_WARN_EMPTY_BODY = YES;
				CLANG_WARN_ENUM_CONVERSION = YES;
				CLANG_WARN_INFINITE_RECURSION = YES;
				CLANG_WARN_INT_CONVERSION = YES;
				CLANG_WARN_NON_LITERAL_NULL_CONVERSION = YES;
				CLANG_WARN_OBJC_IMPLICIT_RETAIN_SELF = YES;
				CLANG_WARN_OBJC_LITERAL_CONVERSION = YES;
				CLANG_WARN_OBJC_ROOT_CLASS = YES_ERROR;
				CLANG_WARN_RANGE_LOOP_ANALYSIS = YES;
				CLANG_WARN_STRICT_PROTOTYPES = YES;
				CLANG_WARN_SUSPICIOUS_MOVE = YES;
				CLANG_WARN_UNGUARDED_AVAILABILITY = YES_AGGRESSIVE;
				CLANG_WARN_UNREACHABLE_CODE = YES;
				CLANG_WARN__DUPLICATE_METHOD_MATCH = YES;
				CODE_SIGN_IDENTITY = "iPhone Developer";
				COPY_PHASE_STRIP = NO;
				DEBUG_INFORMATION_FORMAT = dwarf;
				ENABLE_STRICT_OBJC_MSGSEND = YES;
				ENABLE_TESTABILITY = YES;
				GCC_C_LANGUAGE_STANDARD = gnu11;
				GCC_DYNAMIC_NO_PIC = NO;
				GCC_NO_COMMON_BLOCKS = YES;
				GCC_OPTIMIZATION_LEVEL = 0;
				GCC_PREPROCESSOR_DEFINITIONS = (
					"DEBUG=1",
					"$(inherited)",
				);
				GCC_WARN_64_TO_32_BIT_CONVERSION = YES;
				GCC_WARN_ABOUT_RETURN_TYPE = YES_ERROR;
				GCC_WARN_UNDECLARED_SELECTOR = YES;
				GCC_WARN_UNINITIALIZED_AUTOS = YES_AGGRESSIVE;
				GCC_WARN_UNUSED_FUNCTION = YES;
				GCC_WARN_UNUSED_VARIABLE = YES;
				IPHONEOS_DEPLOYMENT_TARGET = 11.4;
				MTL_ENABLE_DEBUG_INFO = YES;
				ONLY_ACTIVE_ARCH = YES;
				SDKROOT = iphoneos;
				SWIFT_ACTIVE_COMPILATION_CONDITIONS = DEBUG;
				SWIFT_OPTIMIZATION_LEVEL = "-Onone";
			};
			name = Debug;
		};
		DEAC78C6210C32B400D4445E /* Release */ = {
			isa = XCBuildConfiguration;
			buildSettings = {
				ALWAYS_SEARCH_USER_PATHS = NO;
				CLANG_ANALYZER_NONNULL = YES;
				CLANG_ANALYZER_NUMBER_OBJECT_CONVERSION = YES_AGGRESSIVE;
				CLANG_CXX_LANGUAGE_STANDARD = "gnu++14";
				CLANG_CXX_LIBRARY = "libc++";
				CLANG_ENABLE_MODULES = YES;
				CLANG_ENABLE_OBJC_ARC = YES;
				CLANG_ENABLE_OBJC_WEAK = YES;
				CLANG_WARN_BLOCK_CAPTURE_AUTORELEASING = YES;
				CLANG_WARN_BOOL_CONVERSION = YES;
				CLANG_WARN_COMMA = YES;
				CLANG_WARN_CONSTANT_CONVERSION = YES;
				CLANG_WARN_DEPRECATED_OBJC_IMPLEMENTATIONS = YES;
				CLANG_WARN_DIRECT_OBJC_ISA_USAGE = YES_ERROR;
				CLANG_WARN_DOCUMENTATION_COMMENTS = YES;
				CLANG_WARN_EMPTY_BODY = YES;
				CLANG_WARN_ENUM_CONVERSION = YES;
				CLANG_WARN_INFINITE_RECURSION = YES;
				CLANG_WARN_INT_CONVERSION = YES;
				CLANG_WARN_NON_LITERAL_NULL_CONVERSION = YES;
				CLANG_WARN_OBJC_IMPLICIT_RETAIN_SELF = YES;
				CLANG_WARN_OBJC_LITERAL_CONVERSION = YES;
				CLANG_WARN_OBJC_ROOT_CLASS = YES_ERROR;
				CLANG_WARN_RANGE_LOOP_ANALYSIS = YES;
				CLANG_WARN_STRICT_PROTOTYPES = YES;
				CLANG_WARN_SUSPICIOUS_MOVE = YES;
				CLANG_WARN_UNGUARDED_AVAILABILITY = YES_AGGRESSIVE;
				CLANG_WARN_UNREACHABLE_CODE = YES;
				CLANG_WARN__DUPLICATE_METHOD_MATCH = YES;
				CODE_SIGN_IDENTITY = "iPhone Developer";
				COPY_PHASE_STRIP = NO;
				DEBUG_INFORMATION_FORMAT = "dwarf-with-dsym";
				ENABLE_NS_ASSERTIONS = NO;
				ENABLE_STRICT_OBJC_MSGSEND = YES;
				GCC_C_LANGUAGE_STANDARD = gnu11;
				GCC_NO_COMMON_BLOCKS = YES;
				GCC_WARN_64_TO_32_BIT_CONVERSION = YES;
				GCC_WARN_ABOUT_RETURN_TYPE = YES_ERROR;
				GCC_WARN_UNDECLARED_SELECTOR = YES;
				GCC_WARN_UNINITIALIZED_AUTOS = YES_AGGRESSIVE;
				GCC_WARN_UNUSED_FUNCTION = YES;
				GCC_WARN_UNUSED_VARIABLE = YES;
				IPHONEOS_DEPLOYMENT_TARGET = 11.4;
				MTL_ENABLE_DEBUG_INFO = NO;
				SDKROOT = iphoneos;
				SWIFT_COMPILATION_MODE = wholemodule;
				SWIFT_OPTIMIZATION_LEVEL = "-O";
				VALIDATE_PRODUCT = YES;
			};
			name = Release;
		};
		DEAC78C8210C32B400D4445E /* Debug */ = {
			isa = XCBuildConfiguration;
			baseConfigurationReference = 450B336F71C0E353A353CD2B /* Pods-UserList.debug.xcconfig */;
			buildSettings = {
				ALWAYS_EMBED_SWIFT_STANDARD_LIBRARIES = YES;
				ASSETCATALOG_COMPILER_APPICON_NAME = AppIcon;
				CODE_SIGN_STYLE = Automatic;
				DEVELOPMENT_TEAM = "";
				INFOPLIST_FILE = "$(SRCROOT)/UserList/Applicaton/Info.plist";
				IPHONEOS_DEPLOYMENT_TARGET = 11.0;
				LD_RUNPATH_SEARCH_PATHS = (
					"$(inherited)",
					"@executable_path/Frameworks",
				);
				PRODUCT_BUNDLE_IDENTIFIER = com.yura.UserList;
				PRODUCT_NAME = "$(TARGET_NAME)";
				SWIFT_VERSION = 4.0;
				TARGETED_DEVICE_FAMILY = 1;
			};
			name = Debug;
		};
		DEAC78C9210C32B400D4445E /* Release */ = {
			isa = XCBuildConfiguration;
			baseConfigurationReference = A01F7124AFDC373F9A94AEFB /* Pods-UserList.release.xcconfig */;
			buildSettings = {
				ALWAYS_EMBED_SWIFT_STANDARD_LIBRARIES = YES;
				ASSETCATALOG_COMPILER_APPICON_NAME = AppIcon;
				CODE_SIGN_STYLE = Automatic;
				DEVELOPMENT_TEAM = "";
				INFOPLIST_FILE = "$(SRCROOT)/UserList/Applicaton/Info.plist";
				IPHONEOS_DEPLOYMENT_TARGET = 11.0;
				LD_RUNPATH_SEARCH_PATHS = (
					"$(inherited)",
					"@executable_path/Frameworks",
				);
				PRODUCT_BUNDLE_IDENTIFIER = com.yura.UserList;
				PRODUCT_NAME = "$(TARGET_NAME)";
				SWIFT_VERSION = 4.0;
				TARGETED_DEVICE_FAMILY = 1;
			};
			name = Release;
		};
/* End XCBuildConfiguration section */

/* Begin XCConfigurationList section */
		DEAC78B0210C32B200D4445E /* Build configuration list for PBXProject "UserList" */ = {
			isa = XCConfigurationList;
			buildConfigurations = (
				DEAC78C5210C32B400D4445E /* Debug */,
				DEAC78C6210C32B400D4445E /* Release */,
			);
			defaultConfigurationIsVisible = 0;
			defaultConfigurationName = Release;
		};
		DEAC78C7210C32B400D4445E /* Build configuration list for PBXNativeTarget "UserList" */ = {
			isa = XCConfigurationList;
			buildConfigurations = (
				DEAC78C8210C32B400D4445E /* Debug */,
				DEAC78C9210C32B400D4445E /* Release */,
			);
			defaultConfigurationIsVisible = 0;
			defaultConfigurationName = Release;
		};
/* End XCConfigurationList section */

/* Begin XCVersionGroup section */
		DEAC78F1210C94F400D4445E /* UsersList.xcdatamodeld */ = {
			isa = XCVersionGroup;
			children = (
				DEAC78F2210C94F400D4445E /* UsersList.xcdatamodel */,
			);
			currentVersion = DEAC78F2210C94F400D4445E /* UsersList.xcdatamodel */;
			path = UsersList.xcdatamodeld;
			sourceTree = "<group>";
			versionGroupType = wrapper.xcdatamodel;
		};
/* End XCVersionGroup section */
	};
	rootObject = DEAC78AD210C32B200D4445E /* Project object */;
}
